// !$*UTF8*$!
{
	archiveVersion = 1;
	classes = {
	};
	objectVersion = 46;
	objects = {

/* Begin PBXBuildFile section */
		600911DE1585310A0064843A /* UIKit.framework in Frameworks */ = {isa = PBXBuildFile; fileRef = 600911DD1585310A0064843A /* UIKit.framework */; };
		600911E01585310A0064843A /* Foundation.framework in Frameworks */ = {isa = PBXBuildFile; fileRef = 600911DF1585310A0064843A /* Foundation.framework */; };
		600911E21585310A0064843A /* CoreGraphics.framework in Frameworks */ = {isa = PBXBuildFile; fileRef = 600911E11585310A0064843A /* CoreGraphics.framework */; };
		600911E81585310A0064843A /* InfoPlist.strings in Resources */ = {isa = PBXBuildFile; fileRef = 600911E61585310A0064843A /* InfoPlist.strings */; };
		600911EA1585310A0064843A /* main.m in Sources */ = {isa = PBXBuildFile; fileRef = 600911E91585310A0064843A /* main.m */; };
		600911EE1585310A0064843A /* AppDelegate.m in Sources */ = {isa = PBXBuildFile; fileRef = 600911ED1585310A0064843A /* AppDelegate.m */; };
		600911F11585310A0064843A /* ViewController.m in Sources */ = {isa = PBXBuildFile; fileRef = 600911F01585310A0064843A /* ViewController.m */; };
		600911F41585310A0064843A /* ViewController.xib in Resources */ = {isa = PBXBuildFile; fileRef = 600911F21585310A0064843A /* ViewController.xib */; };
		602314401587FB9800264657 /* bear.png in Resources */ = {isa = PBXBuildFile; fileRef = 602314391587FB9800264657 /* bear.png */; };
		602314411587FB9800264657 /* cat.png in Resources */ = {isa = PBXBuildFile; fileRef = 6023143A1587FB9800264657 /* cat.png */; };
		602314421587FB9800264657 /* dog.png in Resources */ = {isa = PBXBuildFile; fileRef = 6023143B1587FB9800264657 /* dog.png */; };
		602314431587FB9800264657 /* goose.png in Resources */ = {isa = PBXBuildFile; fileRef = 6023143C1587FB9800264657 /* goose.png */; };
		602314441587FB9800264657 /* mouse.png in Resources */ = {isa = PBXBuildFile; fileRef = 6023143D1587FB9800264657 /* mouse.png */; };
		602314451587FB9800264657 /* pig.png in Resources */ = {isa = PBXBuildFile; fileRef = 6023143E1587FB9800264657 /* pig.png */; };
		602314461587FB9800264657 /* snake.png in Resources */ = {isa = PBXBuildFile; fileRef = 6023143F1587FB9800264657 /* snake.png */; };
/* End PBXBuildFile section */

/* Begin PBXFileReference section */
		600911D91585310A0064843A /* MatchPicker.app */ = {isa = PBXFileReference; explicitFileType = wrapper.application; includeInIndex = 0; path = MatchPicker.app; sourceTree = BUILT_PRODUCTS_DIR; };
		600911DD1585310A0064843A /* UIKit.framework */ = {isa = PBXFileReference; lastKnownFileType = wrapper.framework; name = UIKit.framework; path = System/Library/Frameworks/UIKit.framework; sourceTree = SDKROOT; };
		600911DF1585310A0064843A /* Foundation.framework */ = {isa = PBXFileReference; lastKnownFileType = wrapper.framework; name = Foundation.framework; path = System/Library/Frameworks/Foundation.framework; sourceTree = SDKROOT; };
		600911E11585310A0064843A /* CoreGraphics.framework */ = {isa = PBXFileReference; lastKnownFileType = wrapper.framework; name = CoreGraphics.framework; path = System/Library/Frameworks/CoreGraphics.framework; sourceTree = SDKROOT; };
		600911E51585310A0064843A /* MatchPicker-Info.plist */ = {isa = PBXFileReference; lastKnownFileType = text.plist.xml; path = "MatchPicker-Info.plist"; sourceTree = "<group>"; };
		600911E71585310A0064843A /* en */ = {isa = PBXFileReference; lastKnownFileType = text.plist.strings; name = en; path = en.lproj/InfoPlist.strings; sourceTree = "<group>"; };
		600911E91585310A0064843A /* main.m */ = {isa = PBXFileReference; lastKnownFileType = sourcecode.c.objc; path = main.m; sourceTree = "<group>"; };
		600911EB1585310A0064843A /* MatchPicker-Prefix.pch */ = {isa = PBXFileReference; lastKnownFileType = sourcecode.c.h; path = "MatchPicker-Prefix.pch"; sourceTree = "<group>"; };
		600911EC1585310A0064843A /* AppDelegate.h */ = {isa = PBXFileReference; lastKnownFileType = sourcecode.c.h; path = AppDelegate.h; sourceTree = "<group>"; };
		600911ED1585310A0064843A /* AppDelegate.m */ = {isa = PBXFileReference; lastKnownFileType = sourcecode.c.objc; path = AppDelegate.m; sourceTree = "<group>"; };
		600911EF1585310A0064843A /* ViewController.h */ = {isa = PBXFileReference; lastKnownFileType = sourcecode.c.h; path = ViewController.h; sourceTree = "<group>"; };
		600911F01585310A0064843A /* ViewController.m */ = {isa = PBXFileReference; lastKnownFileType = sourcecode.c.objc; path = ViewController.m; sourceTree = "<group>"; };
		600911F31585310A0064843A /* en */ = {isa = PBXFileReference; lastKnownFileType = file.xib; name = en; path = en.lproj/ViewController.xib; sourceTree = "<group>"; };
		602314391587FB9800264657 /* bear.png */ = {isa = PBXFileReference; lastKnownFileType = image.png; path = bear.png; sourceTree = "<group>"; };
		6023143A1587FB9800264657 /* cat.png */ = {isa = PBXFileReference; lastKnownFileType = image.png; path = cat.png; sourceTree = "<group>"; };
		6023143B1587FB9800264657 /* dog.png */ = {isa = PBXFileReference; lastKnownFileType = image.png; path = dog.png; sourceTree = "<group>"; };
		6023143C1587FB9800264657 /* goose.png */ = {isa = PBXFileReference; lastKnownFileType = image.png; path = goose.png; sourceTree = "<group>"; };
		6023143D1587FB9800264657 /* mouse.png */ = {isa = PBXFileReference; lastKnownFileType = image.png; path = mouse.png; sourceTree = "<group>"; };
		6023143E1587FB9800264657 /* pig.png */ = {isa = PBXFileReference; lastKnownFileType = image.png; path = pig.png; sourceTree = "<group>"; };
		6023143F1587FB9800264657 /* snake.png */ = {isa = PBXFileReference; lastKnownFileType = image.png; path = snake.png; sourceTree = "<group>"; };
/* End PBXFileReference section */

/* Begin PBXFrameworksBuildPhase section */
		600911D61585310A0064843A /* Frameworks */ = {
			isa = PBXFrameworksBuildPhase;
			buildActionMask = 2147483647;
			files = (
				600911DE1585310A0064843A /* UIKit.framework in Frameworks */,
				600911E01585310A0064843A /* Foundation.framework in Frameworks */,
				600911E21585310A0064843A /* CoreGraphics.framework in Frameworks */,
			);
			runOnlyForDeploymentPostprocessing = 0;
		};
/* End PBXFrameworksBuildPhase section */

/* Begin PBXGroup section */
		600911CE1585310A0064843A = {
			isa = PBXGroup;
			children = (
				600911E31585310A0064843A /* MatchPicker */,
				600911DC1585310A0064843A /* Frameworks */,
				600911DA1585310A0064843A /* Products */,
			);
			sourceTree = "<group>";
		};
		600911DA1585310A0064843A /* Products */ = {
			isa = PBXGroup;
			children = (
				600911D91585310A0064843A /* MatchPicker.app */,
			);
			name = Products;
			sourceTree = "<group>";
		};
		600911DC1585310A0064843A /* Frameworks */ = {
			isa = PBXGroup;
			children = (
				600911DD1585310A0064843A /* UIKit.framework */,
				600911DF1585310A0064843A /* Foundation.framework */,
				600911E11585310A0064843A /* CoreGraphics.framework */,
			);
			name = Frameworks;
			sourceTree = "<group>";
		};
		600911E31585310A0064843A /* MatchPicker */ = {
			isa = PBXGroup;
			children = (
				600911EC1585310A0064843A /* AppDelegate.h */,
				600911ED1585310A0064843A /* AppDelegate.m */,
				600911EF1585310A0064843A /* ViewController.h */,
				600911F01585310A0064843A /* ViewController.m */,
				600911F21585310A0064843A /* ViewController.xib */,
				600911E41585310A0064843A /* Supporting Files */,
			);
			path = MatchPicker;
			sourceTree = "<group>";
		};
		600911E41585310A0064843A /* Supporting Files */ = {
			isa = PBXGroup;
			children = (
				602314381587FB9800264657 /* Animals */,
				600911E51585310A0064843A /* MatchPicker-Info.plist */,
				600911E61585310A0064843A /* InfoPlist.strings */,
				600911E91585310A0064843A /* main.m */,
				600911EB1585310A0064843A /* MatchPicker-Prefix.pch */,
			);
			name = "Supporting Files";
			sourceTree = "<group>";
		};
		602314381587FB9800264657 /* Animals */ = {
			isa = PBXGroup;
			children = (
				602314391587FB9800264657 /* bear.png */,
				6023143A1587FB9800264657 /* cat.png */,
				6023143B1587FB9800264657 /* dog.png */,
				6023143C1587FB9800264657 /* goose.png */,
				6023143D1587FB9800264657 /* mouse.png */,
				6023143E1587FB9800264657 /* pig.png */,
				6023143F1587FB9800264657 /* snake.png */,
			);
			path = Animals;
			sourceTree = "<group>";
		};
/* End PBXGroup section */

/* Begin PBXNativeTarget section */
		600911D81585310A0064843A /* MatchPicker */ = {
			isa = PBXNativeTarget;
			buildConfigurationList = 600911F71585310A0064843A /* Build configuration list for PBXNativeTarget "MatchPicker" */;
			buildPhases = (
				600911D51585310A0064843A /* Sources */,
				600911D61585310A0064843A /* Frameworks */,
				600911D71585310A0064843A /* Resources */,
			);
			buildRules = (
			);
			dependencies = (
			);
			name = MatchPicker;
			productName = MatchPicker;
			productReference = 600911D91585310A0064843A /* MatchPicker.app */;
			productType = "com.apple.product-type.application";
		};
/* End PBXNativeTarget section */

/* Begin PBXProject section */
		600911D01585310A0064843A /* Project object */ = {
			isa = PBXProject;
			attributes = {
				LastUpgradeCheck = 0430;
			};
			buildConfigurationList = 600911D31585310A0064843A /* Build configuration list for PBXProject "MatchPicker" */;
			compatibilityVersion = "Xcode 3.2";
			developmentRegion = English;
			hasScannedForEncodings = 0;
			knownRegions = (
				en,
			);
			mainGroup = 600911CE1585310A0064843A;
			productRefGroup = 600911DA1585310A0064843A /* Products */;
			projectDirPath = "";
			projectRoot = "";
			targets = (
				600911D81585310A0064843A /* MatchPicker */,
			);
		};
/* End PBXProject section */

/* Begin PBXResourcesBuildPhase section */
		600911D71585310A0064843A /* Resources */ = {
			isa = PBXResourcesBuildPhase;
			buildActionMask = 2147483647;
			files = (
				600911E81585310A0064843A /* InfoPlist.strings in Resources */,
				600911F41585310A0064843A /* ViewController.xib in Resources */,
				602314401587FB9800264657 /* bear.png in Resources */,
				602314411587FB9800264657 /* cat.png in Resources */,
				602314421587FB9800264657 /* dog.png in Resources */,
				602314431587FB9800264657 /* goose.png in Resources */,
				602314441587FB9800264657 /* mouse.png in Resources */,
				602314451587FB9800264657 /* pig.png in Resources */,
				602314461587FB9800264657 /* snake.png in Resources */,
			);
			runOnlyForDeploymentPostprocessing = 0;
		};
/* End PBXResourcesBuildPhase section */

/* Begin PBXSourcesBuildPhase section */
		600911D51585310A0064843A /* Sources */ = {
			isa = PBXSourcesBuildPhase;
			buildActionMask = 2147483647;
			files = (
				600911EA1585310A0064843A /* main.m in Sources */,
				600911EE1585310A0064843A /* AppDelegate.m in Sources */,
				600911F11585310A0064843A /* ViewController.m in Sources */,
			);
			runOnlyForDeploymentPostprocessing = 0;
		};
/* End PBXSourcesBuildPhase section */

/* Begin PBXVariantGroup section */
		600911E61585310A0064843A /* InfoPlist.strings */ = {
			isa = PBXVariantGroup;
			children = (
				600911E71585310A0064843A /* en */,
			);
			name = InfoPlist.strings;
			sourceTree = "<group>";
		};
		600911F21585310A0064843A /* ViewController.xib */ = {
			isa = PBXVariantGroup;
			children = (
				600911F31585310A0064843A /* en */,
			);
			name = ViewController.xib;
			sourceTree = "<group>";
		};
/* End PBXVariantGroup section */

/* Begin XCBuildConfiguration section */
		600911F51585310A0064843A /* Debug */ = {
			isa = XCBuildConfiguration;
			buildSettings = {
				ALWAYS_SEARCH_USER_PATHS = NO;
				ARCHS = "$(ARCHS_STANDARD_32_BIT)";
				"CODE_SIGN_IDENTITY[sdk=iphoneos*]" = "iPhone Developer";
				COPY_PHASE_STRIP = NO;
				GCC_C_LANGUAGE_STANDARD = gnu99;
				GCC_DYNAMIC_NO_PIC = NO;
				GCC_OPTIMIZATION_LEVEL = 0;
				GCC_PREPROCESSOR_DEFINITIONS = (
					"DEBUG=1",
					"$(inherited)",
				);
				GCC_SYMBOLS_PRIVATE_EXTERN = NO;
				GCC_VERSION = com.apple.compilers.llvm.clang.1_0;
				GCC_WARN_ABOUT_RETURN_TYPE = YES;
				GCC_WARN_UNINITIALIZED_AUTOS = YES;
				GCC_WARN_UNUSED_VARIABLE = YES;
				IPHONEOS_DEPLOYMENT_TARGET = 5.1;
				SDKROOT = iphoneos;
			};
			name = Debug;
		};
		600911F61585310A0064843A /* Release */ = {
			isa = XCBuildConfiguration;
			buildSettings = {
				ALWAYS_SEARCH_USER_PATHS = NO;
				ARCHS = "$(ARCHS_STANDARD_32_BIT)";
				"CODE_SIGN_IDENTITY[sdk=iphoneos*]" = "iPhone Developer";
				COPY_PHASE_STRIP = YES;
				GCC_C_LANGUAGE_STANDARD = gnu99;
				GCC_VERSION = com.apple.compilers.llvm.clang.1_0;
				GCC_WARN_ABOUT_RETURN_TYPE = YES;
				GCC_WARN_UNINITIALIZED_AUTOS = YES;
				GCC_WARN_UNUSED_VARIABLE = YES;
				IPHONEOS_DEPLOYMENT_TARGET = 5.1;
				OTHER_CFLAGS = "-DNS_BLOCK_ASSERTIONS=1";
				SDKROOT = iphoneos;
				VALIDATE_PRODUCT = YES;
			};
			name = Release;
		};
		600911F81585310A0064843A /* Debug */ = {
			isa = XCBuildConfiguration;
			buildSettings = {
				GCC_PRECOMPILE_PREFIX_HEADER = YES;
				GCC_PREFIX_HEADER = "MatchPicker/MatchPicker-Prefix.pch";
				INFOPLIST_FILE = "MatchPicker/MatchPicker-Info.plist";
				PRODUCT_NAME = "$(TARGET_NAME)";
				WRAPPER_EXTENSION = app;
			};
			name = Debug;
		};
		600911F91585310A0064843A /* Release */ = {
			isa = XCBuildConfiguration;
			buildSettings = {
				GCC_PRECOMPILE_PREFIX_HEADER = YES;
				GCC_PREFIX_HEADER = "MatchPicker/MatchPicker-Prefix.pch";
				INFOPLIST_FILE = "MatchPicker/MatchPicker-Info.plist";
				PRODUCT_NAME = "$(TARGET_NAME)";
				WRAPPER_EXTENSION = app;
			};
			name = Release;
		};
/* End XCBuildConfiguration section */

/* Begin XCConfigurationList section */
		600911D31585310A0064843A /* Build configuration list for PBXProject "MatchPicker" */ = {
			isa = XCConfigurationList;
			buildConfigurations = (
				600911F51585310A0064843A /* Debug */,
				600911F61585310A0064843A /* Release */,
			);
			defaultConfigurationIsVisible = 0;
			defaultConfigurationName = Release;
		};
		600911F71585310A0064843A /* Build configuration list for PBXNativeTarget "MatchPicker" */ = {
			isa = XCConfigurationList;
			buildConfigurations = (
				600911F81585310A0064843A /* Debug */,
				600911F91585310A0064843A /* Release */,
			);
			defaultConfigurationIsVisible = 0;
			defaultConfigurationName = Release;
		};
/* End XCConfigurationList section */
	};
	rootObject = 600911D01585310A0064843A /* Project object */;
}
