// !$*UTF8*$!
{
	archiveVersion = 1;
	classes = {
	};
	objectVersion = 46;
	objects = {

/* Begin PBXBuildFile section */
		60813FE8158A8D670034F6AF /* UIKit.framework in Frameworks */ = {isa = PBXBuildFile; fileRef = 60813FE7158A8D670034F6AF /* UIKit.framework */; };
		60813FEA158A8D670034F6AF /* Foundation.framework in Frameworks */ = {isa = PBXBuildFile; fileRef = 60813FE9158A8D670034F6AF /* Foundation.framework */; };
		60813FEC158A8D670034F6AF /* CoreGraphics.framework in Frameworks */ = {isa = PBXBuildFile; fileRef = 60813FEB158A8D670034F6AF /* CoreGraphics.framework */; };
		60813FF2158A8D670034F6AF /* InfoPlist.strings in Resources */ = {isa = PBXBuildFile; fileRef = 60813FF0158A8D670034F6AF /* InfoPlist.strings */; };
		60813FF4158A8D670034F6AF /* main.m in Sources */ = {isa = PBXBuildFile; fileRef = 60813FF3158A8D670034F6AF /* main.m */; };
		60813FF8158A8D670034F6AF /* AppDelegate.m in Sources */ = {isa = PBXBuildFile; fileRef = 60813FF7158A8D670034F6AF /* AppDelegate.m */; };
		60813FFB158A8D670034F6AF /* MasterViewController.m in Sources */ = {isa = PBXBuildFile; fileRef = 60813FFA158A8D670034F6AF /* MasterViewController.m */; };
		60813FFE158A8D670034F6AF /* DetailViewController.m in Sources */ = {isa = PBXBuildFile; fileRef = 60813FFD158A8D670034F6AF /* DetailViewController.m */; };
		60814001158A8D670034F6AF /* MasterViewController.xib in Resources */ = {isa = PBXBuildFile; fileRef = 60813FFF158A8D670034F6AF /* MasterViewController.xib */; };
		60814004158A8D670034F6AF /* DetailViewController.xib in Resources */ = {isa = PBXBuildFile; fileRef = 60814002158A8D670034F6AF /* DetailViewController.xib */; };
/* End PBXBuildFile section */

/* Begin PBXFileReference section */
		60813FE3158A8D670034F6AF /* FlowerInfoNavigator.app */ = {isa = PBXFileReference; explicitFileType = wrapper.application; includeInIndex = 0; path = FlowerInfoNavigator.app; sourceTree = BUILT_PRODUCTS_DIR; };
		60813FE7158A8D670034F6AF /* UIKit.framework */ = {isa = PBXFileReference; lastKnownFileType = wrapper.framework; name = UIKit.framework; path = System/Library/Frameworks/UIKit.framework; sourceTree = SDKROOT; };
		60813FE9158A8D670034F6AF /* Foundation.framework */ = {isa = PBXFileReference; lastKnownFileType = wrapper.framework; name = Foundation.framework; path = System/Library/Frameworks/Foundation.framework; sourceTree = SDKROOT; };
		60813FEB158A8D670034F6AF /* CoreGraphics.framework */ = {isa = PBXFileReference; lastKnownFileType = wrapper.framework; name = CoreGraphics.framework; path = System/Library/Frameworks/CoreGraphics.framework; sourceTree = SDKROOT; };
		60813FEF158A8D670034F6AF /* FlowerInfoNavigator-Info.plist */ = {isa = PBXFileReference; lastKnownFileType = text.plist.xml; path = "FlowerInfoNavigator-Info.plist"; sourceTree = "<group>"; };
		60813FF1158A8D670034F6AF /* en */ = {isa = PBXFileReference; lastKnownFileType = text.plist.strings; name = en; path = en.lproj/InfoPlist.strings; sourceTree = "<group>"; };
		60813FF3158A8D670034F6AF /* main.m */ = {isa = PBXFileReference; lastKnownFileType = sourcecode.c.objc; path = main.m; sourceTree = "<group>"; };
		60813FF5158A8D670034F6AF /* FlowerInfoNavigator-Prefix.pch */ = {isa = PBXFileReference; lastKnownFileType = sourcecode.c.h; path = "FlowerInfoNavigator-Prefix.pch"; sourceTree = "<group>"; };
		60813FF6158A8D670034F6AF /* AppDelegate.h */ = {isa = PBXFileReference; lastKnownFileType = sourcecode.c.h; path = AppDelegate.h; sourceTree = "<group>"; };
		60813FF7158A8D670034F6AF /* AppDelegate.m */ = {isa = PBXFileReference; lastKnownFileType = sourcecode.c.objc; path = AppDelegate.m; sourceTree = "<group>"; };
		60813FF9158A8D670034F6AF /* MasterViewController.h */ = {isa = PBXFileReference; lastKnownFileType = sourcecode.c.h; path = MasterViewController.h; sourceTree = "<group>"; };
		60813FFA158A8D670034F6AF /* MasterViewController.m */ = {isa = PBXFileReference; lastKnownFileType = sourcecode.c.objc; path = MasterViewController.m; sourceTree = "<group>"; };
		60813FFC158A8D670034F6AF /* DetailViewController.h */ = {isa = PBXFileReference; lastKnownFileType = sourcecode.c.h; path = DetailViewController.h; sourceTree = "<group>"; };
		60813FFD158A8D670034F6AF /* DetailViewController.m */ = {isa = PBXFileReference; lastKnownFileType = sourcecode.c.objc; path = DetailViewController.m; sourceTree = "<group>"; };
		60814000158A8D670034F6AF /* en */ = {isa = PBXFileReference; lastKnownFileType = file.xib; name = en; path = en.lproj/MasterViewController.xib; sourceTree = "<group>"; };
		60814003158A8D670034F6AF /* en */ = {isa = PBXFileReference; lastKnownFileType = file.xib; name = en; path = en.lproj/DetailViewController.xib; sourceTree = "<group>"; };
/* End PBXFileReference section */

/* Begin PBXFrameworksBuildPhase section */
		60813FE0158A8D670034F6AF /* Frameworks */ = {
			isa = PBXFrameworksBuildPhase;
			buildActionMask = 2147483647;
			files = (
				60813FE8158A8D670034F6AF /* UIKit.framework in Frameworks */,
				60813FEA158A8D670034F6AF /* Foundation.framework in Frameworks */,
				60813FEC158A8D670034F6AF /* CoreGraphics.framework in Frameworks */,
			);
			runOnlyForDeploymentPostprocessing = 0;
		};
/* End PBXFrameworksBuildPhase section */

/* Begin PBXGroup section */
		60813FD8158A8D670034F6AF = {
			isa = PBXGroup;
			children = (
				60813FED158A8D670034F6AF /* FlowerInfoNavigator */,
				60813FE6158A8D670034F6AF /* Frameworks */,
				60813FE4158A8D670034F6AF /* Products */,
			);
			sourceTree = "<group>";
		};
		60813FE4158A8D670034F6AF /* Products */ = {
			isa = PBXGroup;
			children = (
				60813FE3158A8D670034F6AF /* FlowerInfoNavigator.app */,
			);
			name = Products;
			sourceTree = "<group>";
		};
		60813FE6158A8D670034F6AF /* Frameworks */ = {
			isa = PBXGroup;
			children = (
				60813FE7158A8D670034F6AF /* UIKit.framework */,
				60813FE9158A8D670034F6AF /* Foundation.framework */,
				60813FEB158A8D670034F6AF /* CoreGraphics.framework */,
			);
			name = Frameworks;
			sourceTree = "<group>";
		};
		60813FED158A8D670034F6AF /* FlowerInfoNavigator */ = {
			isa = PBXGroup;
			children = (
				60813FF6158A8D670034F6AF /* AppDelegate.h */,
				60813FF7158A8D670034F6AF /* AppDelegate.m */,
				60813FF9158A8D670034F6AF /* MasterViewController.h */,
				60813FFA158A8D670034F6AF /* MasterViewController.m */,
				60813FFC158A8D670034F6AF /* DetailViewController.h */,
				60813FFD158A8D670034F6AF /* DetailViewController.m */,
				60813FFF158A8D670034F6AF /* MasterViewController.xib */,
				60814002158A8D670034F6AF /* DetailViewController.xib */,
				60813FEE158A8D670034F6AF /* Supporting Files */,
			);
			path = FlowerInfoNavigator;
			sourceTree = "<group>";
		};
		60813FEE158A8D670034F6AF /* Supporting Files */ = {
			isa = PBXGroup;
			children = (
				60813FEF158A8D670034F6AF /* FlowerInfoNavigator-Info.plist */,
				60813FF0158A8D670034F6AF /* InfoPlist.strings */,
				60813FF3158A8D670034F6AF /* main.m */,
				60813FF5158A8D670034F6AF /* FlowerInfoNavigator-Prefix.pch */,
			);
			name = "Supporting Files";
			sourceTree = "<group>";
		};
/* End PBXGroup section */

/* Begin PBXNativeTarget section */
		60813FE2158A8D670034F6AF /* FlowerInfoNavigator */ = {
			isa = PBXNativeTarget;
			buildConfigurationList = 60814007158A8D670034F6AF /* Build configuration list for PBXNativeTarget "FlowerInfoNavigator" */;
			buildPhases = (
				60813FDF158A8D670034F6AF /* Sources */,
				60813FE0158A8D670034F6AF /* Frameworks */,
				60813FE1158A8D670034F6AF /* Resources */,
			);
			buildRules = (
			);
			dependencies = (
			);
			name = FlowerInfoNavigator;
			productName = FlowerInfoNavigator;
			productReference = 60813FE3158A8D670034F6AF /* FlowerInfoNavigator.app */;
			productType = "com.apple.product-type.application";
		};
/* End PBXNativeTarget section */

/* Begin PBXProject section */
		60813FDA158A8D670034F6AF /* Project object */ = {
			isa = PBXProject;
			attributes = {
				LastUpgradeCheck = 0430;
			};
			buildConfigurationList = 60813FDD158A8D670034F6AF /* Build configuration list for PBXProject "FlowerInfoNavigator" */;
			compatibilityVersion = "Xcode 3.2";
			developmentRegion = English;
			hasScannedForEncodings = 0;
			knownRegions = (
				en,
			);
			mainGroup = 60813FD8158A8D670034F6AF;
			productRefGroup = 60813FE4158A8D670034F6AF /* Products */;
			projectDirPath = "";
			projectRoot = "";
			targets = (
				60813FE2158A8D670034F6AF /* FlowerInfoNavigator */,
			);
		};
/* End PBXProject section */

/* Begin PBXResourcesBuildPhase section */
		60813FE1158A8D670034F6AF /* Resources */ = {
			isa = PBXResourcesBuildPhase;
			buildActionMask = 2147483647;
			files = (
				60813FF2158A8D670034F6AF /* InfoPlist.strings in Resources */,
				60814001158A8D670034F6AF /* MasterViewController.xib in Resources */,
				60814004158A8D670034F6AF /* DetailViewController.xib in Resources */,
			);
			runOnlyForDeploymentPostprocessing = 0;
		};
/* End PBXResourcesBuildPhase section */

/* Begin PBXSourcesBuildPhase section */
		60813FDF158A8D670034F6AF /* Sources */ = {
			isa = PBXSourcesBuildPhase;
			buildActionMask = 2147483647;
			files = (
				60813FF4158A8D670034F6AF /* main.m in Sources */,
				60813FF8158A8D670034F6AF /* AppDelegate.m in Sources */,
				60813FFB158A8D670034F6AF /* MasterViewController.m in Sources */,
				60813FFE158A8D670034F6AF /* DetailViewController.m in Sources */,
			);
			runOnlyForDeploymentPostprocessing = 0;
		};
/* End PBXSourcesBuildPhase section */

/* Begin PBXVariantGroup section */
		60813FF0158A8D670034F6AF /* InfoPlist.strings */ = {
			isa = PBXVariantGroup;
			children = (
				60813FF1158A8D670034F6AF /* en */,
			);
			name = InfoPlist.strings;
			sourceTree = "<group>";
		};
		60813FFF158A8D670034F6AF /* MasterViewController.xib */ = {
			isa = PBXVariantGroup;
			children = (
				60814000158A8D670034F6AF /* en */,
			);
			name = MasterViewController.xib;
			sourceTree = "<group>";
		};
		60814002158A8D670034F6AF /* DetailViewController.xib */ = {
			isa = PBXVariantGroup;
			children = (
				60814003158A8D670034F6AF /* en */,
			);
			name = DetailViewController.xib;
			sourceTree = "<group>";
		};
/* End PBXVariantGroup section */

/* Begin XCBuildConfiguration section */
		60814005158A8D670034F6AF /* Debug */ = {
			isa = XCBuildConfiguration;
			buildSettings = {
				ALWAYS_SEARCH_USER_PATHS = NO;
				ARCHS = "$(ARCHS_STANDARD_32_BIT)";
				"CODE_SIGN_IDENTITY[sdk=iphoneos*]" = "iPhone Developer";
				COPY_PHASE_STRIP = NO;
				GCC_C_LANGUAGE_STANDARD = gnu99;
				GCC_DYNAMIC_NO_PIC = NO;
				GCC_OPTIMIZATION_LEVEL = 0;
				GCC_PREPROCESSOR_DEFINITIONS = (
					"DEBUG=1",
					"$(inherited)",
				);
				GCC_SYMBOLS_PRIVATE_EXTERN = NO;
				GCC_VERSION = com.apple.compilers.llvm.clang.1_0;
				GCC_WARN_ABOUT_RETURN_TYPE = YES;
				GCC_WARN_UNINITIALIZED_AUTOS = YES;
				GCC_WARN_UNUSED_VARIABLE = YES;
				IPHONEOS_DEPLOYMENT_TARGET = 5.1;
				SDKROOT = iphoneos;
			};
			name = Debug;
		};
		60814006158A8D670034F6AF /* Release */ = {
			isa = XCBuildConfiguration;
			buildSettings = {
				ALWAYS_SEARCH_USER_PATHS = NO;
				ARCHS = "$(ARCHS_STANDARD_32_BIT)";
				"CODE_SIGN_IDENTITY[sdk=iphoneos*]" = "iPhone Developer";
				COPY_PHASE_STRIP = YES;
				GCC_C_LANGUAGE_STANDARD = gnu99;
				GCC_VERSION = com.apple.compilers.llvm.clang.1_0;
				GCC_WARN_ABOUT_RETURN_TYPE = YES;
				GCC_WARN_UNINITIALIZED_AUTOS = YES;
				GCC_WARN_UNUSED_VARIABLE = YES;
				IPHONEOS_DEPLOYMENT_TARGET = 5.1;
				OTHER_CFLAGS = "-DNS_BLOCK_ASSERTIONS=1";
				SDKROOT = iphoneos;
				VALIDATE_PRODUCT = YES;
			};
			name = Release;
		};
		60814008158A8D670034F6AF /* Debug */ = {
			isa = XCBuildConfiguration;
			buildSettings = {
				GCC_PRECOMPILE_PREFIX_HEADER = YES;
				GCC_PREFIX_HEADER = "FlowerInfoNavigator/FlowerInfoNavigator-Prefix.pch";
				INFOPLIST_FILE = "FlowerInfoNavigator/FlowerInfoNavigator-Info.plist";
				PRODUCT_NAME = "$(TARGET_NAME)";
				WRAPPER_EXTENSION = app;
			};
			name = Debug;
		};
		60814009158A8D670034F6AF /* Release */ = {
			isa = XCBuildConfiguration;
			buildSettings = {
				GCC_PRECOMPILE_PREFIX_HEADER = YES;
				GCC_PREFIX_HEADER = "FlowerInfoNavigator/FlowerInfoNavigator-Prefix.pch";
				INFOPLIST_FILE = "FlowerInfoNavigator/FlowerInfoNavigator-Info.plist";
				PRODUCT_NAME = "$(TARGET_NAME)";
				WRAPPER_EXTENSION = app;
			};
			name = Release;
		};
/* End XCBuildConfiguration section */

/* Begin XCConfigurationList section */
		60813FDD158A8D670034F6AF /* Build configuration list for PBXProject "FlowerInfoNavigator" */ = {
			isa = XCConfigurationList;
			buildConfigurations = (
				60814005158A8D670034F6AF /* Debug */,
				60814006158A8D670034F6AF /* Release */,
			);
			defaultConfigurationIsVisible = 0;
			defaultConfigurationName = Release;
		};
		60814007158A8D670034F6AF /* Build configuration list for PBXNativeTarget "FlowerInfoNavigator" */ = {
			isa = XCConfigurationList;
			buildConfigurations = (
				60814008158A8D670034F6AF /* Debug */,
				60814009158A8D670034F6AF /* Release */,
			);
			defaultConfigurationIsVisible = 0;
		};
/* End XCConfigurationList section */
	};
	rootObject = 60813FDA158A8D670034F6AF /* Project object */;
}
