// !$*UTF8*$!
{
	archiveVersion = 1;
	classes = {
	};
	objectVersion = 46;
	objects = {

/* Begin PBXBuildFile section */
		60D3C4451580125500A3EECF /* UIKit.framework in Frameworks */ = {isa = PBXBuildFile; fileRef = 60D3C4441580125500A3EECF /* UIKit.framework */; };
		60D3C4471580125500A3EECF /* Foundation.framework in Frameworks */ = {isa = PBXBuildFile; fileRef = 60D3C4461580125500A3EECF /* Foundation.framework */; };
		60D3C4491580125500A3EECF /* CoreGraphics.framework in Frameworks */ = {isa = PBXBuildFile; fileRef = 60D3C4481580125500A3EECF /* CoreGraphics.framework */; };
		60D3C44F1580125500A3EECF /* InfoPlist.strings in Resources */ = {isa = PBXBuildFile; fileRef = 60D3C44D1580125500A3EECF /* InfoPlist.strings */; };
		60D3C4511580125500A3EECF /* main.m in Sources */ = {isa = PBXBuildFile; fileRef = 60D3C4501580125500A3EECF /* main.m */; };
		60D3C4551580125500A3EECF /* AppDelegate.m in Sources */ = {isa = PBXBuildFile; fileRef = 60D3C4541580125500A3EECF /* AppDelegate.m */; };
		60D3C4581580125500A3EECF /* MainStoryboard.storyboard in Resources */ = {isa = PBXBuildFile; fileRef = 60D3C4561580125500A3EECF /* MainStoryboard.storyboard */; };
		60D3C45B1580125500A3EECF /* ViewController.m in Sources */ = {isa = PBXBuildFile; fileRef = 60D3C45A1580125500A3EECF /* ViewController.m */; };
		60D3C462158013E100A3EECF /* hyderabad_finance&banking.jpg in Resources */ = {isa = PBXBuildFile; fileRef = 60D3C461158013E100A3EECF /* hyderabad_finance&banking.jpg */; };
		60D3C4641580163300A3EECF /* checkbox.png in Resources */ = {isa = PBXBuildFile; fileRef = 60D3C4631580163300A3EECF /* checkbox.png */; };
		60D3C4661580163E00A3EECF /* checkbox-checked.png in Resources */ = {isa = PBXBuildFile; fileRef = 60D3C4651580163E00A3EECF /* checkbox-checked.png */; };
/* End PBXBuildFile section */

/* Begin PBXFileReference section */
		60D3C4401580125500A3EECF /* test2.app */ = {isa = PBXFileReference; explicitFileType = wrapper.application; includeInIndex = 0; path = test2.app; sourceTree = BUILT_PRODUCTS_DIR; };
		60D3C4441580125500A3EECF /* UIKit.framework */ = {isa = PBXFileReference; lastKnownFileType = wrapper.framework; name = UIKit.framework; path = System/Library/Frameworks/UIKit.framework; sourceTree = SDKROOT; };
		60D3C4461580125500A3EECF /* Foundation.framework */ = {isa = PBXFileReference; lastKnownFileType = wrapper.framework; name = Foundation.framework; path = System/Library/Frameworks/Foundation.framework; sourceTree = SDKROOT; };
		60D3C4481580125500A3EECF /* CoreGraphics.framework */ = {isa = PBXFileReference; lastKnownFileType = wrapper.framework; name = CoreGraphics.framework; path = System/Library/Frameworks/CoreGraphics.framework; sourceTree = SDKROOT; };
		60D3C44C1580125500A3EECF /* test2-Info.plist */ = {isa = PBXFileReference; lastKnownFileType = text.plist.xml; path = "test2-Info.plist"; sourceTree = "<group>"; };
		60D3C44E1580125500A3EECF /* en */ = {isa = PBXFileReference; lastKnownFileType = text.plist.strings; name = en; path = en.lproj/InfoPlist.strings; sourceTree = "<group>"; };
		60D3C4501580125500A3EECF /* main.m */ = {isa = PBXFileReference; lastKnownFileType = sourcecode.c.objc; path = main.m; sourceTree = "<group>"; };
		60D3C4521580125500A3EECF /* test2-Prefix.pch */ = {isa = PBXFileReference; lastKnownFileType = sourcecode.c.h; path = "test2-Prefix.pch"; sourceTree = "<group>"; };
		60D3C4531580125500A3EECF /* AppDelegate.h */ = {isa = PBXFileReference; lastKnownFileType = sourcecode.c.h; path = AppDelegate.h; sourceTree = "<group>"; };
		60D3C4541580125500A3EECF /* AppDelegate.m */ = {isa = PBXFileReference; lastKnownFileType = sourcecode.c.objc; path = AppDelegate.m; sourceTree = "<group>"; };
		60D3C4571580125500A3EECF /* en */ = {isa = PBXFileReference; lastKnownFileType = file.storyboard; name = en; path = en.lproj/MainStoryboard.storyboard; sourceTree = "<group>"; };
		60D3C4591580125500A3EECF /* ViewController.h */ = {isa = PBXFileReference; lastKnownFileType = sourcecode.c.h; path = ViewController.h; sourceTree = "<group>"; };
		60D3C45A1580125500A3EECF /* ViewController.m */ = {isa = PBXFileReference; lastKnownFileType = sourcecode.c.objc; path = ViewController.m; sourceTree = "<group>"; };
		60D3C461158013E100A3EECF /* hyderabad_finance&banking.jpg */ = {isa = PBXFileReference; lastKnownFileType = image.jpeg; path = "hyderabad_finance&banking.jpg"; sourceTree = "<group>"; };
		60D3C4631580163300A3EECF /* checkbox.png */ = {isa = PBXFileReference; lastKnownFileType = image.png; path = checkbox.png; sourceTree = "<group>"; };
		60D3C4651580163E00A3EECF /* checkbox-checked.png */ = {isa = PBXFileReference; lastKnownFileType = image.png; path = "checkbox-checked.png"; sourceTree = "<group>"; };
/* End PBXFileReference section */

/* Begin PBXFrameworksBuildPhase section */
		60D3C43D1580125500A3EECF /* Frameworks */ = {
			isa = PBXFrameworksBuildPhase;
			buildActionMask = 2147483647;
			files = (
				60D3C4451580125500A3EECF /* UIKit.framework in Frameworks */,
				60D3C4471580125500A3EECF /* Foundation.framework in Frameworks */,
				60D3C4491580125500A3EECF /* CoreGraphics.framework in Frameworks */,
			);
			runOnlyForDeploymentPostprocessing = 0;
		};
/* End PBXFrameworksBuildPhase section */

/* Begin PBXGroup section */
		60D3C4351580125500A3EECF = {
			isa = PBXGroup;
			children = (
				60D3C44A1580125500A3EECF /* test2 */,
				60D3C4431580125500A3EECF /* Frameworks */,
				60D3C4411580125500A3EECF /* Products */,
			);
			sourceTree = "<group>";
		};
		60D3C4411580125500A3EECF /* Products */ = {
			isa = PBXGroup;
			children = (
				60D3C4401580125500A3EECF /* test2.app */,
			);
			name = Products;
			sourceTree = "<group>";
		};
		60D3C4431580125500A3EECF /* Frameworks */ = {
			isa = PBXGroup;
			children = (
				60D3C4441580125500A3EECF /* UIKit.framework */,
				60D3C4461580125500A3EECF /* Foundation.framework */,
				60D3C4481580125500A3EECF /* CoreGraphics.framework */,
			);
			name = Frameworks;
			sourceTree = "<group>";
		};
		60D3C44A1580125500A3EECF /* test2 */ = {
			isa = PBXGroup;
			children = (
				60D3C4531580125500A3EECF /* AppDelegate.h */,
				60D3C4541580125500A3EECF /* AppDelegate.m */,
				60D3C4561580125500A3EECF /* MainStoryboard.storyboard */,
				60D3C4591580125500A3EECF /* ViewController.h */,
				60D3C45A1580125500A3EECF /* ViewController.m */,
				60D3C44B1580125500A3EECF /* Supporting Files */,
			);
			path = test2;
			sourceTree = "<group>";
		};
		60D3C44B1580125500A3EECF /* Supporting Files */ = {
			isa = PBXGroup;
			children = (
				60D3C461158013E100A3EECF /* hyderabad_finance&banking.jpg */,
				60D3C4631580163300A3EECF /* checkbox.png */,
				60D3C4651580163E00A3EECF /* checkbox-checked.png */,
				60D3C44C1580125500A3EECF /* test2-Info.plist */,
				60D3C44D1580125500A3EECF /* InfoPlist.strings */,
				60D3C4501580125500A3EECF /* main.m */,
				60D3C4521580125500A3EECF /* test2-Prefix.pch */,
			);
			name = "Supporting Files";
			sourceTree = "<group>";
		};
/* End PBXGroup section */

/* Begin PBXNativeTarget section */
		60D3C43F1580125500A3EECF /* test2 */ = {
			isa = PBXNativeTarget;
			buildConfigurationList = 60D3C45E1580125500A3EECF /* Build configuration list for PBXNativeTarget "test2" */;
			buildPhases = (
				60D3C43C1580125500A3EECF /* Sources */,
				60D3C43D1580125500A3EECF /* Frameworks */,
				60D3C43E1580125500A3EECF /* Resources */,
			);
			buildRules = (
			);
			dependencies = (
			);
			name = test2;
			productName = test2;
			productReference = 60D3C4401580125500A3EECF /* test2.app */;
			productType = "com.apple.product-type.application";
		};
/* End PBXNativeTarget section */

/* Begin PBXProject section */
		60D3C4371580125500A3EECF /* Project object */ = {
			isa = PBXProject;
			attributes = {
				LastUpgradeCheck = 0430;
			};
			buildConfigurationList = 60D3C43A1580125500A3EECF /* Build configuration list for PBXProject "test2" */;
			compatibilityVersion = "Xcode 3.2";
			developmentRegion = English;
			hasScannedForEncodings = 0;
			knownRegions = (
				en,
			);
			mainGroup = 60D3C4351580125500A3EECF;
			productRefGroup = 60D3C4411580125500A3EECF /* Products */;
			projectDirPath = "";
			projectRoot = "";
			targets = (
				60D3C43F1580125500A3EECF /* test2 */,
			);
		};
/* End PBXProject section */

/* Begin PBXResourcesBuildPhase section */
		60D3C43E1580125500A3EECF /* Resources */ = {
			isa = PBXResourcesBuildPhase;
			buildActionMask = 2147483647;
			files = (
				60D3C44F1580125500A3EECF /* InfoPlist.strings in Resources */,
				60D3C4581580125500A3EECF /* MainStoryboard.storyboard in Resources */,
				60D3C462158013E100A3EECF /* hyderabad_finance&banking.jpg in Resources */,
				60D3C4641580163300A3EECF /* checkbox.png in Resources */,
				60D3C4661580163E00A3EECF /* checkbox-checked.png in Resources */,
			);
			runOnlyForDeploymentPostprocessing = 0;
		};
/* End PBXResourcesBuildPhase section */

/* Begin PBXSourcesBuildPhase section */
		60D3C43C1580125500A3EECF /* Sources */ = {
			isa = PBXSourcesBuildPhase;
			buildActionMask = 2147483647;
			files = (
				60D3C4511580125500A3EECF /* main.m in Sources */,
				60D3C4551580125500A3EECF /* AppDelegate.m in Sources */,
				60D3C45B1580125500A3EECF /* ViewController.m in Sources */,
			);
			runOnlyForDeploymentPostprocessing = 0;
		};
/* End PBXSourcesBuildPhase section */

/* Begin PBXVariantGroup section */
		60D3C44D1580125500A3EECF /* InfoPlist.strings */ = {
			isa = PBXVariantGroup;
			children = (
				60D3C44E1580125500A3EECF /* en */,
			);
			name = InfoPlist.strings;
			sourceTree = "<group>";
		};
		60D3C4561580125500A3EECF /* MainStoryboard.storyboard */ = {
			isa = PBXVariantGroup;
			children = (
				60D3C4571580125500A3EECF /* en */,
			);
			name = MainStoryboard.storyboard;
			sourceTree = "<group>";
		};
/* End PBXVariantGroup section */

/* Begin XCBuildConfiguration section */
		60D3C45C1580125500A3EECF /* Debug */ = {
			isa = XCBuildConfiguration;
			buildSettings = {
				ALWAYS_SEARCH_USER_PATHS = NO;
				ARCHS = "$(ARCHS_STANDARD_32_BIT)";
				"CODE_SIGN_IDENTITY[sdk=iphoneos*]" = "iPhone Developer";
				COPY_PHASE_STRIP = NO;
				GCC_C_LANGUAGE_STANDARD = gnu99;
				GCC_DYNAMIC_NO_PIC = NO;
				GCC_OPTIMIZATION_LEVEL = 0;
				GCC_PREPROCESSOR_DEFINITIONS = (
					"DEBUG=1",
					"$(inherited)",
				);
				GCC_SYMBOLS_PRIVATE_EXTERN = NO;
				GCC_VERSION = com.apple.compilers.llvm.clang.1_0;
				GCC_WARN_ABOUT_RETURN_TYPE = YES;
				GCC_WARN_UNINITIALIZED_AUTOS = YES;
				GCC_WARN_UNUSED_VARIABLE = YES;
				IPHONEOS_DEPLOYMENT_TARGET = 5.1;
				SDKROOT = iphoneos;
			};
			name = Debug;
		};
		60D3C45D1580125500A3EECF /* Release */ = {
			isa = XCBuildConfiguration;
			buildSettings = {
				ALWAYS_SEARCH_USER_PATHS = NO;
				ARCHS = "$(ARCHS_STANDARD_32_BIT)";
				"CODE_SIGN_IDENTITY[sdk=iphoneos*]" = "iPhone Developer";
				COPY_PHASE_STRIP = YES;
				GCC_C_LANGUAGE_STANDARD = gnu99;
				GCC_VERSION = com.apple.compilers.llvm.clang.1_0;
				GCC_WARN_ABOUT_RETURN_TYPE = YES;
				GCC_WARN_UNINITIALIZED_AUTOS = YES;
				GCC_WARN_UNUSED_VARIABLE = YES;
				IPHONEOS_DEPLOYMENT_TARGET = 5.1;
				OTHER_CFLAGS = "-DNS_BLOCK_ASSERTIONS=1";
				SDKROOT = iphoneos;
				VALIDATE_PRODUCT = YES;
			};
			name = Release;
		};
		60D3C45F1580125500A3EECF /* Debug */ = {
			isa = XCBuildConfiguration;
			buildSettings = {
				GCC_PRECOMPILE_PREFIX_HEADER = YES;
				GCC_PREFIX_HEADER = "test2/test2-Prefix.pch";
				INFOPLIST_FILE = "test2/test2-Info.plist";
				PRODUCT_NAME = "$(TARGET_NAME)";
				WRAPPER_EXTENSION = app;
			};
			name = Debug;
		};
		60D3C4601580125500A3EECF /* Release */ = {
			isa = XCBuildConfiguration;
			buildSettings = {
				GCC_PRECOMPILE_PREFIX_HEADER = YES;
				GCC_PREFIX_HEADER = "test2/test2-Prefix.pch";
				INFOPLIST_FILE = "test2/test2-Info.plist";
				PRODUCT_NAME = "$(TARGET_NAME)";
				WRAPPER_EXTENSION = app;
			};
			name = Release;
		};
/* End XCBuildConfiguration section */

/* Begin XCConfigurationList section */
		60D3C43A1580125500A3EECF /* Build configuration list for PBXProject "test2" */ = {
			isa = XCConfigurationList;
			buildConfigurations = (
				60D3C45C1580125500A3EECF /* Debug */,
				60D3C45D1580125500A3EECF /* Release */,
			);
			defaultConfigurationIsVisible = 0;
			defaultConfigurationName = Release;
		};
		60D3C45E1580125500A3EECF /* Build configuration list for PBXNativeTarget "test2" */ = {
			isa = XCConfigurationList;
			buildConfigurations = (
				60D3C45F1580125500A3EECF /* Debug */,
				60D3C4601580125500A3EECF /* Release */,
			);
			defaultConfigurationIsVisible = 0;
		};
/* End XCConfigurationList section */
	};
	rootObject = 60D3C4371580125500A3EECF /* Project object */;
}
