// !$*UTF8*$!
{
	archiveVersion = 1;
	classes = {
	};
	objectVersion = 46;
	objects = {

/* Begin PBXBuildFile section */
		602314F81588242300264657 /* UIKit.framework in Frameworks */ = {isa = PBXBuildFile; fileRef = 602314F71588242300264657 /* UIKit.framework */; };
		602314FA1588242300264657 /* Foundation.framework in Frameworks */ = {isa = PBXBuildFile; fileRef = 602314F91588242300264657 /* Foundation.framework */; };
		602314FC1588242300264657 /* CoreGraphics.framework in Frameworks */ = {isa = PBXBuildFile; fileRef = 602314FB1588242300264657 /* CoreGraphics.framework */; };
		602315021588242300264657 /* InfoPlist.strings in Resources */ = {isa = PBXBuildFile; fileRef = 602315001588242300264657 /* InfoPlist.strings */; };
		602315041588242300264657 /* main.m in Sources */ = {isa = PBXBuildFile; fileRef = 602315031588242300264657 /* main.m */; };
		602315081588242300264657 /* AppDelegate.m in Sources */ = {isa = PBXBuildFile; fileRef = 602315071588242300264657 /* AppDelegate.m */; };
		6023150B1588242300264657 /* ViewController.m in Sources */ = {isa = PBXBuildFile; fileRef = 6023150A1588242300264657 /* ViewController.m */; };
		6023150E1588242300264657 /* ViewController.xib in Resources */ = {isa = PBXBuildFile; fileRef = 6023150C1588242300264657 /* ViewController.xib */; };
		6023151C158827C800264657 /* Area.png in Resources */ = {isa = PBXBuildFile; fileRef = 60231515158827C800264657 /* Area.png */; };
		6023151D158827C800264657 /* BoxVolume.png in Resources */ = {isa = PBXBuildFile; fileRef = 60231516158827C800264657 /* BoxVolume.png */; };
		6023151E158827C800264657 /* CircleArea.png in Resources */ = {isa = PBXBuildFile; fileRef = 60231517158827C800264657 /* CircleArea.png */; };
		6023151F158827C800264657 /* RectArea.png in Resources */ = {isa = PBXBuildFile; fileRef = 60231518158827C800264657 /* RectArea.png */; };
		60231520158827C800264657 /* SphereVolume.png in Resources */ = {isa = PBXBuildFile; fileRef = 60231519158827C800264657 /* SphereVolume.png */; };
		60231521158827C800264657 /* Summary.png in Resources */ = {isa = PBXBuildFile; fileRef = 6023151A158827C800264657 /* Summary.png */; };
		60231522158827C800264657 /* Volume.png in Resources */ = {isa = PBXBuildFile; fileRef = 6023151B158827C800264657 /* Volume.png */; };
		60231526158828B500264657 /* AreaViewController.m in Sources */ = {isa = PBXBuildFile; fileRef = 60231524158828B500264657 /* AreaViewController.m */; };
		60231527158828B500264657 /* AreaViewController.xib in Resources */ = {isa = PBXBuildFile; fileRef = 60231525158828B500264657 /* AreaViewController.xib */; };
		6023152B158828E200264657 /* SummaryViewController.m in Sources */ = {isa = PBXBuildFile; fileRef = 60231529158828E200264657 /* SummaryViewController.m */; };
		6023152C158828E200264657 /* SummaryViewController.xib in Resources */ = {isa = PBXBuildFile; fileRef = 6023152A158828E200264657 /* SummaryViewController.xib */; };
		60231530158828F900264657 /* VolumeViewController.m in Sources */ = {isa = PBXBuildFile; fileRef = 6023152E158828F900264657 /* VolumeViewController.m */; };
		60231531158828F900264657 /* VolumeViewController.xib in Resources */ = {isa = PBXBuildFile; fileRef = 6023152F158828F900264657 /* VolumeViewController.xib */; };
/* End PBXBuildFile section */

/* Begin PBXFileReference section */
		602314F31588242300264657 /* TabbedCalculation.app */ = {isa = PBXFileReference; explicitFileType = wrapper.application; includeInIndex = 0; path = TabbedCalculation.app; sourceTree = BUILT_PRODUCTS_DIR; };
		602314F71588242300264657 /* UIKit.framework */ = {isa = PBXFileReference; lastKnownFileType = wrapper.framework; name = UIKit.framework; path = System/Library/Frameworks/UIKit.framework; sourceTree = SDKROOT; };
		602314F91588242300264657 /* Foundation.framework */ = {isa = PBXFileReference; lastKnownFileType = wrapper.framework; name = Foundation.framework; path = System/Library/Frameworks/Foundation.framework; sourceTree = SDKROOT; };
		602314FB1588242300264657 /* CoreGraphics.framework */ = {isa = PBXFileReference; lastKnownFileType = wrapper.framework; name = CoreGraphics.framework; path = System/Library/Frameworks/CoreGraphics.framework; sourceTree = SDKROOT; };
		602314FF1588242300264657 /* TabbedCalculation-Info.plist */ = {isa = PBXFileReference; lastKnownFileType = text.plist.xml; path = "TabbedCalculation-Info.plist"; sourceTree = "<group>"; };
		602315011588242300264657 /* en */ = {isa = PBXFileReference; lastKnownFileType = text.plist.strings; name = en; path = en.lproj/InfoPlist.strings; sourceTree = "<group>"; };
		602315031588242300264657 /* main.m */ = {isa = PBXFileReference; lastKnownFileType = sourcecode.c.objc; path = main.m; sourceTree = "<group>"; };
		602315051588242300264657 /* TabbedCalculation-Prefix.pch */ = {isa = PBXFileReference; lastKnownFileType = sourcecode.c.h; path = "TabbedCalculation-Prefix.pch"; sourceTree = "<group>"; };
		602315061588242300264657 /* AppDelegate.h */ = {isa = PBXFileReference; lastKnownFileType = sourcecode.c.h; path = AppDelegate.h; sourceTree = "<group>"; };
		602315071588242300264657 /* AppDelegate.m */ = {isa = PBXFileReference; lastKnownFileType = sourcecode.c.objc; path = AppDelegate.m; sourceTree = "<group>"; };
		602315091588242300264657 /* ViewController.h */ = {isa = PBXFileReference; lastKnownFileType = sourcecode.c.h; path = ViewController.h; sourceTree = "<group>"; };
		6023150A1588242300264657 /* ViewController.m */ = {isa = PBXFileReference; lastKnownFileType = sourcecode.c.objc; path = ViewController.m; sourceTree = "<group>"; };
		6023150D1588242300264657 /* en */ = {isa = PBXFileReference; lastKnownFileType = file.xib; name = en; path = en.lproj/ViewController.xib; sourceTree = "<group>"; };
		60231515158827C800264657 /* Area.png */ = {isa = PBXFileReference; lastKnownFileType = image.png; path = Area.png; sourceTree = "<group>"; };
		60231516158827C800264657 /* BoxVolume.png */ = {isa = PBXFileReference; lastKnownFileType = image.png; path = BoxVolume.png; sourceTree = "<group>"; };
		60231517158827C800264657 /* CircleArea.png */ = {isa = PBXFileReference; lastKnownFileType = image.png; path = CircleArea.png; sourceTree = "<group>"; };
		60231518158827C800264657 /* RectArea.png */ = {isa = PBXFileReference; lastKnownFileType = image.png; path = RectArea.png; sourceTree = "<group>"; };
		60231519158827C800264657 /* SphereVolume.png */ = {isa = PBXFileReference; lastKnownFileType = image.png; path = SphereVolume.png; sourceTree = "<group>"; };
		6023151A158827C800264657 /* Summary.png */ = {isa = PBXFileReference; lastKnownFileType = image.png; path = Summary.png; sourceTree = "<group>"; };
		6023151B158827C800264657 /* Volume.png */ = {isa = PBXFileReference; lastKnownFileType = image.png; path = Volume.png; sourceTree = "<group>"; };
		60231523158828B500264657 /* AreaViewController.h */ = {isa = PBXFileReference; fileEncoding = 4; lastKnownFileType = sourcecode.c.h; path = AreaViewController.h; sourceTree = "<group>"; };
		60231524158828B500264657 /* AreaViewController.m */ = {isa = PBXFileReference; fileEncoding = 4; lastKnownFileType = sourcecode.c.objc; path = AreaViewController.m; sourceTree = "<group>"; };
		60231525158828B500264657 /* AreaViewController.xib */ = {isa = PBXFileReference; fileEncoding = 4; lastKnownFileType = file.xib; path = AreaViewController.xib; sourceTree = "<group>"; };
		60231528158828E200264657 /* SummaryViewController.h */ = {isa = PBXFileReference; fileEncoding = 4; lastKnownFileType = sourcecode.c.h; path = SummaryViewController.h; sourceTree = "<group>"; };
		60231529158828E200264657 /* SummaryViewController.m */ = {isa = PBXFileReference; fileEncoding = 4; lastKnownFileType = sourcecode.c.objc; path = SummaryViewController.m; sourceTree = "<group>"; };
		6023152A158828E200264657 /* SummaryViewController.xib */ = {isa = PBXFileReference; fileEncoding = 4; lastKnownFileType = file.xib; path = SummaryViewController.xib; sourceTree = "<group>"; };
		6023152D158828F900264657 /* VolumeViewController.h */ = {isa = PBXFileReference; fileEncoding = 4; lastKnownFileType = sourcecode.c.h; path = VolumeViewController.h; sourceTree = "<group>"; };
		6023152E158828F900264657 /* VolumeViewController.m */ = {isa = PBXFileReference; fileEncoding = 4; lastKnownFileType = sourcecode.c.objc; path = VolumeViewController.m; sourceTree = "<group>"; };
		6023152F158828F900264657 /* VolumeViewController.xib */ = {isa = PBXFileReference; fileEncoding = 4; lastKnownFileType = file.xib; path = VolumeViewController.xib; sourceTree = "<group>"; };
/* End PBXFileReference section */

/* Begin PBXFrameworksBuildPhase section */
		602314F01588242300264657 /* Frameworks */ = {
			isa = PBXFrameworksBuildPhase;
			buildActionMask = 2147483647;
			files = (
				602314F81588242300264657 /* UIKit.framework in Frameworks */,
				602314FA1588242300264657 /* Foundation.framework in Frameworks */,
				602314FC1588242300264657 /* CoreGraphics.framework in Frameworks */,
			);
			runOnlyForDeploymentPostprocessing = 0;
		};
/* End PBXFrameworksBuildPhase section */

/* Begin PBXGroup section */
		602314E81588242300264657 = {
			isa = PBXGroup;
			children = (
				602314FD1588242300264657 /* TabbedCalculation */,
				602314F61588242300264657 /* Frameworks */,
				602314F41588242300264657 /* Products */,
			);
			sourceTree = "<group>";
		};
		602314F41588242300264657 /* Products */ = {
			isa = PBXGroup;
			children = (
				602314F31588242300264657 /* TabbedCalculation.app */,
			);
			name = Products;
			sourceTree = "<group>";
		};
		602314F61588242300264657 /* Frameworks */ = {
			isa = PBXGroup;
			children = (
				602314F71588242300264657 /* UIKit.framework */,
				602314F91588242300264657 /* Foundation.framework */,
				602314FB1588242300264657 /* CoreGraphics.framework */,
			);
			name = Frameworks;
			sourceTree = "<group>";
		};
		602314FD1588242300264657 /* TabbedCalculation */ = {
			isa = PBXGroup;
			children = (
				602315061588242300264657 /* AppDelegate.h */,
				602315071588242300264657 /* AppDelegate.m */,
				602315091588242300264657 /* ViewController.h */,
				6023150A1588242300264657 /* ViewController.m */,
				6023150C1588242300264657 /* ViewController.xib */,
				60231523158828B500264657 /* AreaViewController.h */,
				60231524158828B500264657 /* AreaViewController.m */,
				60231525158828B500264657 /* AreaViewController.xib */,
				6023152D158828F900264657 /* VolumeViewController.h */,
				6023152E158828F900264657 /* VolumeViewController.m */,
				6023152F158828F900264657 /* VolumeViewController.xib */,
				60231528158828E200264657 /* SummaryViewController.h */,
				60231529158828E200264657 /* SummaryViewController.m */,
				6023152A158828E200264657 /* SummaryViewController.xib */,
				602314FE1588242300264657 /* Supporting Files */,
			);
			path = TabbedCalculation;
			sourceTree = "<group>";
		};
		602314FE1588242300264657 /* Supporting Files */ = {
			isa = PBXGroup;
			children = (
				60231514158827C800264657 /* Images */,
				602314FF1588242300264657 /* TabbedCalculation-Info.plist */,
				602315001588242300264657 /* InfoPlist.strings */,
				602315031588242300264657 /* main.m */,
				602315051588242300264657 /* TabbedCalculation-Prefix.pch */,
			);
			name = "Supporting Files";
			sourceTree = "<group>";
		};
		60231514158827C800264657 /* Images */ = {
			isa = PBXGroup;
			children = (
				60231515158827C800264657 /* Area.png */,
				60231516158827C800264657 /* BoxVolume.png */,
				60231517158827C800264657 /* CircleArea.png */,
				60231518158827C800264657 /* RectArea.png */,
				60231519158827C800264657 /* SphereVolume.png */,
				6023151A158827C800264657 /* Summary.png */,
				6023151B158827C800264657 /* Volume.png */,
			);
			path = Images;
			sourceTree = "<group>";
		};
/* End PBXGroup section */

/* Begin PBXNativeTarget section */
		602314F21588242300264657 /* TabbedCalculation */ = {
			isa = PBXNativeTarget;
			buildConfigurationList = 602315111588242300264657 /* Build configuration list for PBXNativeTarget "TabbedCalculation" */;
			buildPhases = (
				602314EF1588242300264657 /* Sources */,
				602314F01588242300264657 /* Frameworks */,
				602314F11588242300264657 /* Resources */,
			);
			buildRules = (
			);
			dependencies = (
			);
			name = TabbedCalculation;
			productName = TabbedCalculation;
			productReference = 602314F31588242300264657 /* TabbedCalculation.app */;
			productType = "com.apple.product-type.application";
		};
/* End PBXNativeTarget section */

/* Begin PBXProject section */
		602314EA1588242300264657 /* Project object */ = {
			isa = PBXProject;
			attributes = {
				LastUpgradeCheck = 0430;
			};
			buildConfigurationList = 602314ED1588242300264657 /* Build configuration list for PBXProject "TabbedCalculation" */;
			compatibilityVersion = "Xcode 3.2";
			developmentRegion = English;
			hasScannedForEncodings = 0;
			knownRegions = (
				en,
			);
			mainGroup = 602314E81588242300264657;
			productRefGroup = 602314F41588242300264657 /* Products */;
			projectDirPath = "";
			projectRoot = "";
			targets = (
				602314F21588242300264657 /* TabbedCalculation */,
			);
		};
/* End PBXProject section */

/* Begin PBXResourcesBuildPhase section */
		602314F11588242300264657 /* Resources */ = {
			isa = PBXResourcesBuildPhase;
			buildActionMask = 2147483647;
			files = (
				602315021588242300264657 /* InfoPlist.strings in Resources */,
				6023150E1588242300264657 /* ViewController.xib in Resources */,
				6023151C158827C800264657 /* Area.png in Resources */,
				6023151D158827C800264657 /* BoxVolume.png in Resources */,
				6023151E158827C800264657 /* CircleArea.png in Resources */,
				6023151F158827C800264657 /* RectArea.png in Resources */,
				60231520158827C800264657 /* SphereVolume.png in Resources */,
				60231521158827C800264657 /* Summary.png in Resources */,
				60231522158827C800264657 /* Volume.png in Resources */,
				60231527158828B500264657 /* AreaViewController.xib in Resources */,
				6023152C158828E200264657 /* SummaryViewController.xib in Resources */,
				60231531158828F900264657 /* VolumeViewController.xib in Resources */,
			);
			runOnlyForDeploymentPostprocessing = 0;
		};
/* End PBXResourcesBuildPhase section */

/* Begin PBXSourcesBuildPhase section */
		602314EF1588242300264657 /* Sources */ = {
			isa = PBXSourcesBuildPhase;
			buildActionMask = 2147483647;
			files = (
				602315041588242300264657 /* main.m in Sources */,
				602315081588242300264657 /* AppDelegate.m in Sources */,
				6023150B1588242300264657 /* ViewController.m in Sources */,
				60231526158828B500264657 /* AreaViewController.m in Sources */,
				6023152B158828E200264657 /* SummaryViewController.m in Sources */,
				60231530158828F900264657 /* VolumeViewController.m in Sources */,
			);
			runOnlyForDeploymentPostprocessing = 0;
		};
/* End PBXSourcesBuildPhase section */

/* Begin PBXVariantGroup section */
		602315001588242300264657 /* InfoPlist.strings */ = {
			isa = PBXVariantGroup;
			children = (
				602315011588242300264657 /* en */,
			);
			name = InfoPlist.strings;
			sourceTree = "<group>";
		};
		6023150C1588242300264657 /* ViewController.xib */ = {
			isa = PBXVariantGroup;
			children = (
				6023150D1588242300264657 /* en */,
			);
			name = ViewController.xib;
			sourceTree = "<group>";
		};
/* End PBXVariantGroup section */

/* Begin XCBuildConfiguration section */
		6023150F1588242300264657 /* Debug */ = {
			isa = XCBuildConfiguration;
			buildSettings = {
				ALWAYS_SEARCH_USER_PATHS = NO;
				ARCHS = "$(ARCHS_STANDARD_32_BIT)";
				"CODE_SIGN_IDENTITY[sdk=iphoneos*]" = "iPhone Developer";
				COPY_PHASE_STRIP = NO;
				GCC_C_LANGUAGE_STANDARD = gnu99;
				GCC_DYNAMIC_NO_PIC = NO;
				GCC_OPTIMIZATION_LEVEL = 0;
				GCC_PREPROCESSOR_DEFINITIONS = (
					"DEBUG=1",
					"$(inherited)",
				);
				GCC_SYMBOLS_PRIVATE_EXTERN = NO;
				GCC_VERSION = com.apple.compilers.llvm.clang.1_0;
				GCC_WARN_ABOUT_RETURN_TYPE = YES;
				GCC_WARN_UNINITIALIZED_AUTOS = YES;
				GCC_WARN_UNUSED_VARIABLE = YES;
				IPHONEOS_DEPLOYMENT_TARGET = 5.1;
				SDKROOT = iphoneos;
			};
			name = Debug;
		};
		602315101588242300264657 /* Release */ = {
			isa = XCBuildConfiguration;
			buildSettings = {
				ALWAYS_SEARCH_USER_PATHS = NO;
				ARCHS = "$(ARCHS_STANDARD_32_BIT)";
				"CODE_SIGN_IDENTITY[sdk=iphoneos*]" = "iPhone Developer";
				COPY_PHASE_STRIP = YES;
				GCC_C_LANGUAGE_STANDARD = gnu99;
				GCC_VERSION = com.apple.compilers.llvm.clang.1_0;
				GCC_WARN_ABOUT_RETURN_TYPE = YES;
				GCC_WARN_UNINITIALIZED_AUTOS = YES;
				GCC_WARN_UNUSED_VARIABLE = YES;
				IPHONEOS_DEPLOYMENT_TARGET = 5.1;
				OTHER_CFLAGS = "-DNS_BLOCK_ASSERTIONS=1";
				SDKROOT = iphoneos;
				VALIDATE_PRODUCT = YES;
			};
			name = Release;
		};
		602315121588242300264657 /* Debug */ = {
			isa = XCBuildConfiguration;
			buildSettings = {
				GCC_PRECOMPILE_PREFIX_HEADER = YES;
				GCC_PREFIX_HEADER = "TabbedCalculation/TabbedCalculation-Prefix.pch";
				INFOPLIST_FILE = "TabbedCalculation/TabbedCalculation-Info.plist";
				PRODUCT_NAME = "$(TARGET_NAME)";
				WRAPPER_EXTENSION = app;
			};
			name = Debug;
		};
		602315131588242300264657 /* Release */ = {
			isa = XCBuildConfiguration;
			buildSettings = {
				GCC_PRECOMPILE_PREFIX_HEADER = YES;
				GCC_PREFIX_HEADER = "TabbedCalculation/TabbedCalculation-Prefix.pch";
				INFOPLIST_FILE = "TabbedCalculation/TabbedCalculation-Info.plist";
				PRODUCT_NAME = "$(TARGET_NAME)";
				WRAPPER_EXTENSION = app;
			};
			name = Release;
		};
/* End XCBuildConfiguration section */

/* Begin XCConfigurationList section */
		602314ED1588242300264657 /* Build configuration list for PBXProject "TabbedCalculation" */ = {
			isa = XCConfigurationList;
			buildConfigurations = (
				6023150F1588242300264657 /* Debug */,
				602315101588242300264657 /* Release */,
			);
			defaultConfigurationIsVisible = 0;
			defaultConfigurationName = Release;
		};
		602315111588242300264657 /* Build configuration list for PBXNativeTarget "TabbedCalculation" */ = {
			isa = XCConfigurationList;
			buildConfigurations = (
				602315121588242300264657 /* Debug */,
				602315131588242300264657 /* Release */,
			);
			defaultConfigurationIsVisible = 0;
		};
/* End XCConfigurationList section */
	};
	rootObject = 602314EA1588242300264657 /* Project object */;
}
