// !$*UTF8*$!
{
	archiveVersion = 1;
	classes = {
	};
	objectVersion = 46;
	objects = {

/* Begin PBXBuildFile section */
		60E223F1157FCE0300A5A051 /* UIKit.framework in Frameworks */ = {isa = PBXBuildFile; fileRef = 60E223F0157FCE0300A5A051 /* UIKit.framework */; };
		60E223F3157FCE0300A5A051 /* Foundation.framework in Frameworks */ = {isa = PBXBuildFile; fileRef = 60E223F2157FCE0300A5A051 /* Foundation.framework */; };
		60E223F5157FCE0300A5A051 /* CoreGraphics.framework in Frameworks */ = {isa = PBXBuildFile; fileRef = 60E223F4157FCE0300A5A051 /* CoreGraphics.framework */; };
		60E223FB157FCE0300A5A051 /* InfoPlist.strings in Resources */ = {isa = PBXBuildFile; fileRef = 60E223F9157FCE0300A5A051 /* InfoPlist.strings */; };
		60E223FD157FCE0300A5A051 /* main.m in Sources */ = {isa = PBXBuildFile; fileRef = 60E223FC157FCE0300A5A051 /* main.m */; };
		60E22401157FCE0300A5A051 /* AppDelegate.m in Sources */ = {isa = PBXBuildFile; fileRef = 60E22400157FCE0300A5A051 /* AppDelegate.m */; };
		60E22404157FCE0300A5A051 /* MainStoryboard.storyboard in Resources */ = {isa = PBXBuildFile; fileRef = 60E22402157FCE0300A5A051 /* MainStoryboard.storyboard */; };
		60E22407157FCE0300A5A051 /* ViewController.m in Sources */ = {isa = PBXBuildFile; fileRef = 60E22406157FCE0300A5A051 /* ViewController.m */; };
/* End PBXBuildFile section */

/* Begin PBXFileReference section */
		60E223EC157FCE0300A5A051 /* HelloXcodeTest2.app */ = {isa = PBXFileReference; explicitFileType = wrapper.application; includeInIndex = 0; path = HelloXcodeTest2.app; sourceTree = BUILT_PRODUCTS_DIR; };
		60E223F0157FCE0300A5A051 /* UIKit.framework */ = {isa = PBXFileReference; lastKnownFileType = wrapper.framework; name = UIKit.framework; path = System/Library/Frameworks/UIKit.framework; sourceTree = SDKROOT; };
		60E223F2157FCE0300A5A051 /* Foundation.framework */ = {isa = PBXFileReference; lastKnownFileType = wrapper.framework; name = Foundation.framework; path = System/Library/Frameworks/Foundation.framework; sourceTree = SDKROOT; };
		60E223F4157FCE0300A5A051 /* CoreGraphics.framework */ = {isa = PBXFileReference; lastKnownFileType = wrapper.framework; name = CoreGraphics.framework; path = System/Library/Frameworks/CoreGraphics.framework; sourceTree = SDKROOT; };
		60E223F8157FCE0300A5A051 /* HelloXcodeTest2-Info.plist */ = {isa = PBXFileReference; lastKnownFileType = text.plist.xml; path = "HelloXcodeTest2-Info.plist"; sourceTree = "<group>"; };
		60E223FA157FCE0300A5A051 /* en */ = {isa = PBXFileReference; lastKnownFileType = text.plist.strings; name = en; path = en.lproj/InfoPlist.strings; sourceTree = "<group>"; };
		60E223FC157FCE0300A5A051 /* main.m */ = {isa = PBXFileReference; lastKnownFileType = sourcecode.c.objc; path = main.m; sourceTree = "<group>"; };
		60E223FE157FCE0300A5A051 /* HelloXcodeTest2-Prefix.pch */ = {isa = PBXFileReference; lastKnownFileType = sourcecode.c.h; path = "HelloXcodeTest2-Prefix.pch"; sourceTree = "<group>"; };
		60E223FF157FCE0300A5A051 /* AppDelegate.h */ = {isa = PBXFileReference; lastKnownFileType = sourcecode.c.h; path = AppDelegate.h; sourceTree = "<group>"; };
		60E22400157FCE0300A5A051 /* AppDelegate.m */ = {isa = PBXFileReference; lastKnownFileType = sourcecode.c.objc; path = AppDelegate.m; sourceTree = "<group>"; };
		60E22403157FCE0300A5A051 /* en */ = {isa = PBXFileReference; lastKnownFileType = file.storyboard; name = en; path = en.lproj/MainStoryboard.storyboard; sourceTree = "<group>"; };
		60E22405157FCE0300A5A051 /* ViewController.h */ = {isa = PBXFileReference; lastKnownFileType = sourcecode.c.h; path = ViewController.h; sourceTree = "<group>"; };
		60E22406157FCE0300A5A051 /* ViewController.m */ = {isa = PBXFileReference; lastKnownFileType = sourcecode.c.objc; path = ViewController.m; sourceTree = "<group>"; };
/* End PBXFileReference section */

/* Begin PBXFrameworksBuildPhase section */
		60E223E9157FCE0300A5A051 /* Frameworks */ = {
			isa = PBXFrameworksBuildPhase;
			buildActionMask = 2147483647;
			files = (
				60E223F1157FCE0300A5A051 /* UIKit.framework in Frameworks */,
				60E223F3157FCE0300A5A051 /* Foundation.framework in Frameworks */,
				60E223F5157FCE0300A5A051 /* CoreGraphics.framework in Frameworks */,
			);
			runOnlyForDeploymentPostprocessing = 0;
		};
/* End PBXFrameworksBuildPhase section */

/* Begin PBXGroup section */
		60E223E1157FCE0300A5A051 = {
			isa = PBXGroup;
			children = (
				60E223F6157FCE0300A5A051 /* HelloXcodeTest2 */,
				60E223EF157FCE0300A5A051 /* Frameworks */,
				60E223ED157FCE0300A5A051 /* Products */,
			);
			sourceTree = "<group>";
		};
		60E223ED157FCE0300A5A051 /* Products */ = {
			isa = PBXGroup;
			children = (
				60E223EC157FCE0300A5A051 /* HelloXcodeTest2.app */,
			);
			name = Products;
			sourceTree = "<group>";
		};
		60E223EF157FCE0300A5A051 /* Frameworks */ = {
			isa = PBXGroup;
			children = (
				60E223F0157FCE0300A5A051 /* UIKit.framework */,
				60E223F2157FCE0300A5A051 /* Foundation.framework */,
				60E223F4157FCE0300A5A051 /* CoreGraphics.framework */,
			);
			name = Frameworks;
			sourceTree = "<group>";
		};
		60E223F6157FCE0300A5A051 /* HelloXcodeTest2 */ = {
			isa = PBXGroup;
			children = (
				60E223FF157FCE0300A5A051 /* AppDelegate.h */,
				60E22400157FCE0300A5A051 /* AppDelegate.m */,
				60E22402157FCE0300A5A051 /* MainStoryboard.storyboard */,
				60E22405157FCE0300A5A051 /* ViewController.h */,
				60E22406157FCE0300A5A051 /* ViewController.m */,
				60E223F7157FCE0300A5A051 /* Supporting Files */,
			);
			path = HelloXcodeTest2;
			sourceTree = "<group>";
		};
		60E223F7157FCE0300A5A051 /* Supporting Files */ = {
			isa = PBXGroup;
			children = (
				60E223F8157FCE0300A5A051 /* HelloXcodeTest2-Info.plist */,
				60E223F9157FCE0300A5A051 /* InfoPlist.strings */,
				60E223FC157FCE0300A5A051 /* main.m */,
				60E223FE157FCE0300A5A051 /* HelloXcodeTest2-Prefix.pch */,
			);
			name = "Supporting Files";
			sourceTree = "<group>";
		};
/* End PBXGroup section */

/* Begin PBXNativeTarget section */
		60E223EB157FCE0300A5A051 /* HelloXcodeTest2 */ = {
			isa = PBXNativeTarget;
			buildConfigurationList = 60E2240A157FCE0300A5A051 /* Build configuration list for PBXNativeTarget "HelloXcodeTest2" */;
			buildPhases = (
				60E223E8157FCE0300A5A051 /* Sources */,
				60E223E9157FCE0300A5A051 /* Frameworks */,
				60E223EA157FCE0300A5A051 /* Resources */,
			);
			buildRules = (
			);
			dependencies = (
			);
			name = HelloXcodeTest2;
			productName = HelloXcodeTest2;
			productReference = 60E223EC157FCE0300A5A051 /* HelloXcodeTest2.app */;
			productType = "com.apple.product-type.application";
		};
/* End PBXNativeTarget section */

/* Begin PBXProject section */
		60E223E3157FCE0300A5A051 /* Project object */ = {
			isa = PBXProject;
			attributes = {
				LastUpgradeCheck = 0430;
			};
			buildConfigurationList = 60E223E6157FCE0300A5A051 /* Build configuration list for PBXProject "HelloXcodeTest2" */;
			compatibilityVersion = "Xcode 3.2";
			developmentRegion = English;
			hasScannedForEncodings = 0;
			knownRegions = (
				en,
			);
			mainGroup = 60E223E1157FCE0300A5A051;
			productRefGroup = 60E223ED157FCE0300A5A051 /* Products */;
			projectDirPath = "";
			projectRoot = "";
			targets = (
				60E223EB157FCE0300A5A051 /* HelloXcodeTest2 */,
			);
		};
/* End PBXProject section */

/* Begin PBXResourcesBuildPhase section */
		60E223EA157FCE0300A5A051 /* Resources */ = {
			isa = PBXResourcesBuildPhase;
			buildActionMask = 2147483647;
			files = (
				60E223FB157FCE0300A5A051 /* InfoPlist.strings in Resources */,
				60E22404157FCE0300A5A051 /* MainStoryboard.storyboard in Resources */,
			);
			runOnlyForDeploymentPostprocessing = 0;
		};
/* End PBXResourcesBuildPhase section */

/* Begin PBXSourcesBuildPhase section */
		60E223E8157FCE0300A5A051 /* Sources */ = {
			isa = PBXSourcesBuildPhase;
			buildActionMask = 2147483647;
			files = (
				60E223FD157FCE0300A5A051 /* main.m in Sources */,
				60E22401157FCE0300A5A051 /* AppDelegate.m in Sources */,
				60E22407157FCE0300A5A051 /* ViewController.m in Sources */,
			);
			runOnlyForDeploymentPostprocessing = 0;
		};
/* End PBXSourcesBuildPhase section */

/* Begin PBXVariantGroup section */
		60E223F9157FCE0300A5A051 /* InfoPlist.strings */ = {
			isa = PBXVariantGroup;
			children = (
				60E223FA157FCE0300A5A051 /* en */,
			);
			name = InfoPlist.strings;
			sourceTree = "<group>";
		};
		60E22402157FCE0300A5A051 /* MainStoryboard.storyboard */ = {
			isa = PBXVariantGroup;
			children = (
				60E22403157FCE0300A5A051 /* en */,
			);
			name = MainStoryboard.storyboard;
			sourceTree = "<group>";
		};
/* End PBXVariantGroup section */

/* Begin XCBuildConfiguration section */
		60E22408157FCE0300A5A051 /* Debug */ = {
			isa = XCBuildConfiguration;
			buildSettings = {
				ALWAYS_SEARCH_USER_PATHS = NO;
				ARCHS = "$(ARCHS_STANDARD_32_BIT)";
				"CODE_SIGN_IDENTITY[sdk=iphoneos*]" = "iPhone Developer";
				COPY_PHASE_STRIP = NO;
				GCC_C_LANGUAGE_STANDARD = gnu99;
				GCC_DYNAMIC_NO_PIC = NO;
				GCC_OPTIMIZATION_LEVEL = 0;
				GCC_PREPROCESSOR_DEFINITIONS = (
					"DEBUG=1",
					"$(inherited)",
				);
				GCC_SYMBOLS_PRIVATE_EXTERN = NO;
				GCC_VERSION = com.apple.compilers.llvm.clang.1_0;
				GCC_WARN_ABOUT_RETURN_TYPE = YES;
				GCC_WARN_UNINITIALIZED_AUTOS = YES;
				GCC_WARN_UNUSED_VARIABLE = YES;
				IPHONEOS_DEPLOYMENT_TARGET = 5.1;
				SDKROOT = iphoneos;
			};
			name = Debug;
		};
		60E22409157FCE0300A5A051 /* Release */ = {
			isa = XCBuildConfiguration;
			buildSettings = {
				ALWAYS_SEARCH_USER_PATHS = NO;
				ARCHS = "$(ARCHS_STANDARD_32_BIT)";
				"CODE_SIGN_IDENTITY[sdk=iphoneos*]" = "iPhone Developer";
				COPY_PHASE_STRIP = YES;
				GCC_C_LANGUAGE_STANDARD = gnu99;
				GCC_VERSION = com.apple.compilers.llvm.clang.1_0;
				GCC_WARN_ABOUT_RETURN_TYPE = YES;
				GCC_WARN_UNINITIALIZED_AUTOS = YES;
				GCC_WARN_UNUSED_VARIABLE = YES;
				IPHONEOS_DEPLOYMENT_TARGET = 5.1;
				OTHER_CFLAGS = "-DNS_BLOCK_ASSERTIONS=1";
				SDKROOT = iphoneos;
				VALIDATE_PRODUCT = YES;
			};
			name = Release;
		};
		60E2240B157FCE0300A5A051 /* Debug */ = {
			isa = XCBuildConfiguration;
			buildSettings = {
				GCC_PRECOMPILE_PREFIX_HEADER = YES;
				GCC_PREFIX_HEADER = "HelloXcodeTest2/HelloXcodeTest2-Prefix.pch";
				INFOPLIST_FILE = "HelloXcodeTest2/HelloXcodeTest2-Info.plist";
				PRODUCT_NAME = "$(TARGET_NAME)";
				WRAPPER_EXTENSION = app;
			};
			name = Debug;
		};
		60E2240C157FCE0300A5A051 /* Release */ = {
			isa = XCBuildConfiguration;
			buildSettings = {
				GCC_PRECOMPILE_PREFIX_HEADER = YES;
				GCC_PREFIX_HEADER = "HelloXcodeTest2/HelloXcodeTest2-Prefix.pch";
				INFOPLIST_FILE = "HelloXcodeTest2/HelloXcodeTest2-Info.plist";
				PRODUCT_NAME = "$(TARGET_NAME)";
				WRAPPER_EXTENSION = app;
			};
			name = Release;
		};
/* End XCBuildConfiguration section */

/* Begin XCConfigurationList section */
		60E223E6157FCE0300A5A051 /* Build configuration list for PBXProject "HelloXcodeTest2" */ = {
			isa = XCConfigurationList;
			buildConfigurations = (
				60E22408157FCE0300A5A051 /* Debug */,
				60E22409157FCE0300A5A051 /* Release */,
			);
			defaultConfigurationIsVisible = 0;
			defaultConfigurationName = Release;
		};
		60E2240A157FCE0300A5A051 /* Build configuration list for PBXNativeTarget "HelloXcodeTest2" */ = {
			isa = XCConfigurationList;
			buildConfigurations = (
				60E2240B157FCE0300A5A051 /* Debug */,
				60E2240C157FCE0300A5A051 /* Release */,
			);
			defaultConfigurationIsVisible = 0;
		};
/* End XCConfigurationList section */
	};
	rootObject = 60E223E3157FCE0300A5A051 /* Project object */;
}
