// !$*UTF8*$!
{
	archiveVersion = 1;
	classes = {
	};
	objectVersion = 46;
	objects = {

/* Begin PBXBuildFile section */
		60278190156EE4FE00131B02 /* Foundation.framework in Frameworks */ = {isa = PBXBuildFile; fileRef = 6027818F156EE4FE00131B02 /* Foundation.framework */; };
		60278193156EE4FE00131B02 /* main.m in Sources */ = {isa = PBXBuildFile; fileRef = 60278192156EE4FE00131B02 /* main.m */; };
		60278197156EE4FE00131B02 /* WorkingWithPaths.1 in CopyFiles */ = {isa = PBXBuildFile; fileRef = 60278196156EE4FE00131B02 /* WorkingWithPaths.1 */; };
/* End PBXBuildFile section */

/* Begin PBXCopyFilesBuildPhase section */
		60278189156EE4FE00131B02 /* CopyFiles */ = {
			isa = PBXCopyFilesBuildPhase;
			buildActionMask = 2147483647;
			dstPath = /usr/share/man/man1/;
			dstSubfolderSpec = 0;
			files = (
				60278197156EE4FE00131B02 /* WorkingWithPaths.1 in CopyFiles */,
			);
			runOnlyForDeploymentPostprocessing = 1;
		};
/* End PBXCopyFilesBuildPhase section */

/* Begin PBXFileReference section */
		6027818B156EE4FE00131B02 /* WorkingWithPaths */ = {isa = PBXFileReference; explicitFileType = "compiled.mach-o.executable"; includeInIndex = 0; path = WorkingWithPaths; sourceTree = BUILT_PRODUCTS_DIR; };
		6027818F156EE4FE00131B02 /* Foundation.framework */ = {isa = PBXFileReference; lastKnownFileType = wrapper.framework; name = Foundation.framework; path = System/Library/Frameworks/Foundation.framework; sourceTree = SDKROOT; };
		60278192156EE4FE00131B02 /* main.m */ = {isa = PBXFileReference; lastKnownFileType = sourcecode.c.objc; path = main.m; sourceTree = "<group>"; };
		60278195156EE4FE00131B02 /* WorkingWithPaths-Prefix.pch */ = {isa = PBXFileReference; lastKnownFileType = sourcecode.c.h; path = "WorkingWithPaths-Prefix.pch"; sourceTree = "<group>"; };
		60278196156EE4FE00131B02 /* WorkingWithPaths.1 */ = {isa = PBXFileReference; lastKnownFileType = text.man; path = WorkingWithPaths.1; sourceTree = "<group>"; };
/* End PBXFileReference section */

/* Begin PBXFrameworksBuildPhase section */
		60278188156EE4FE00131B02 /* Frameworks */ = {
			isa = PBXFrameworksBuildPhase;
			buildActionMask = 2147483647;
			files = (
				60278190156EE4FE00131B02 /* Foundation.framework in Frameworks */,
			);
			runOnlyForDeploymentPostprocessing = 0;
		};
/* End PBXFrameworksBuildPhase section */

/* Begin PBXGroup section */
		60278180156EE4FE00131B02 = {
			isa = PBXGroup;
			children = (
				60278191156EE4FE00131B02 /* WorkingWithPaths */,
				6027818E156EE4FE00131B02 /* Frameworks */,
				6027818C156EE4FE00131B02 /* Products */,
			);
			sourceTree = "<group>";
		};
		6027818C156EE4FE00131B02 /* Products */ = {
			isa = PBXGroup;
			children = (
				6027818B156EE4FE00131B02 /* WorkingWithPaths */,
			);
			name = Products;
			sourceTree = "<group>";
		};
		6027818E156EE4FE00131B02 /* Frameworks */ = {
			isa = PBXGroup;
			children = (
				6027818F156EE4FE00131B02 /* Foundation.framework */,
			);
			name = Frameworks;
			sourceTree = "<group>";
		};
		60278191156EE4FE00131B02 /* WorkingWithPaths */ = {
			isa = PBXGroup;
			children = (
				60278192156EE4FE00131B02 /* main.m */,
				60278196156EE4FE00131B02 /* WorkingWithPaths.1 */,
				60278194156EE4FE00131B02 /* Supporting Files */,
			);
			path = WorkingWithPaths;
			sourceTree = "<group>";
		};
		60278194156EE4FE00131B02 /* Supporting Files */ = {
			isa = PBXGroup;
			children = (
				60278195156EE4FE00131B02 /* WorkingWithPaths-Prefix.pch */,
			);
			name = "Supporting Files";
			sourceTree = "<group>";
		};
/* End PBXGroup section */

/* Begin PBXNativeTarget section */
		6027818A156EE4FE00131B02 /* WorkingWithPaths */ = {
			isa = PBXNativeTarget;
			buildConfigurationList = 6027819A156EE4FE00131B02 /* Build configuration list for PBXNativeTarget "WorkingWithPaths" */;
			buildPhases = (
				60278187156EE4FE00131B02 /* Sources */,
				60278188156EE4FE00131B02 /* Frameworks */,
				60278189156EE4FE00131B02 /* CopyFiles */,
			);
			buildRules = (
			);
			dependencies = (
			);
			name = WorkingWithPaths;
			productName = WorkingWithPaths;
			productReference = 6027818B156EE4FE00131B02 /* WorkingWithPaths */;
			productType = "com.apple.product-type.tool";
		};
/* End PBXNativeTarget section */

/* Begin PBXProject section */
		60278182156EE4FE00131B02 /* Project object */ = {
			isa = PBXProject;
			attributes = {
				LastUpgradeCheck = 0430;
			};
			buildConfigurationList = 60278185156EE4FE00131B02 /* Build configuration list for PBXProject "WorkingWithPaths" */;
			compatibilityVersion = "Xcode 3.2";
			developmentRegion = English;
			hasScannedForEncodings = 0;
			knownRegions = (
				en,
			);
			mainGroup = 60278180156EE4FE00131B02;
			productRefGroup = 6027818C156EE4FE00131B02 /* Products */;
			projectDirPath = "";
			projectRoot = "";
			targets = (
				6027818A156EE4FE00131B02 /* WorkingWithPaths */,
			);
		};
/* End PBXProject section */

/* Begin PBXSourcesBuildPhase section */
		60278187156EE4FE00131B02 /* Sources */ = {
			isa = PBXSourcesBuildPhase;
			buildActionMask = 2147483647;
			files = (
				60278193156EE4FE00131B02 /* main.m in Sources */,
			);
			runOnlyForDeploymentPostprocessing = 0;
		};
/* End PBXSourcesBuildPhase section */

/* Begin XCBuildConfiguration section */
		60278198156EE4FE00131B02 /* Debug */ = {
			isa = XCBuildConfiguration;
			buildSettings = {
				ALWAYS_SEARCH_USER_PATHS = NO;
				ARCHS = "$(ARCHS_STANDARD_64_BIT)";
				CLANG_ENABLE_OBJC_ARC = YES;
				COPY_PHASE_STRIP = NO;
				GCC_C_LANGUAGE_STANDARD = gnu99;
				GCC_DYNAMIC_NO_PIC = NO;
				GCC_ENABLE_OBJC_EXCEPTIONS = YES;
				GCC_OPTIMIZATION_LEVEL = 0;
				GCC_PREPROCESSOR_DEFINITIONS = (
					"DEBUG=1",
					"$(inherited)",
				);
				GCC_SYMBOLS_PRIVATE_EXTERN = NO;
				GCC_VERSION = com.apple.compilers.llvm.clang.1_0;
				GCC_WARN_64_TO_32_BIT_CONVERSION = YES;
				GCC_WARN_ABOUT_RETURN_TYPE = YES;
				GCC_WARN_UNINITIALIZED_AUTOS = YES;
				GCC_WARN_UNUSED_VARIABLE = YES;
				MACOSX_DEPLOYMENT_TARGET = 10.7;
				ONLY_ACTIVE_ARCH = YES;
				SDKROOT = macosx;
			};
			name = Debug;
		};
		60278199156EE4FE00131B02 /* Release */ = {
			isa = XCBuildConfiguration;
			buildSettings = {
				ALWAYS_SEARCH_USER_PATHS = NO;
				ARCHS = "$(ARCHS_STANDARD_64_BIT)";
				CLANG_ENABLE_OBJC_ARC = YES;
				COPY_PHASE_STRIP = YES;
				DEBUG_INFORMATION_FORMAT = "dwarf-with-dsym";
				GCC_C_LANGUAGE_STANDARD = gnu99;
				GCC_ENABLE_OBJC_EXCEPTIONS = YES;
				GCC_VERSION = com.apple.compilers.llvm.clang.1_0;
				GCC_WARN_64_TO_32_BIT_CONVERSION = YES;
				GCC_WARN_ABOUT_RETURN_TYPE = YES;
				GCC_WARN_UNINITIALIZED_AUTOS = YES;
				GCC_WARN_UNUSED_VARIABLE = YES;
				MACOSX_DEPLOYMENT_TARGET = 10.7;
				SDKROOT = macosx;
			};
			name = Release;
		};
		6027819B156EE4FE00131B02 /* Debug */ = {
			isa = XCBuildConfiguration;
			buildSettings = {
				GCC_PRECOMPILE_PREFIX_HEADER = YES;
				GCC_PREFIX_HEADER = "WorkingWithPaths/WorkingWithPaths-Prefix.pch";
				PRODUCT_NAME = "$(TARGET_NAME)";
			};
			name = Debug;
		};
		6027819C156EE4FE00131B02 /* Release */ = {
			isa = XCBuildConfiguration;
			buildSettings = {
				GCC_PRECOMPILE_PREFIX_HEADER = YES;
				GCC_PREFIX_HEADER = "WorkingWithPaths/WorkingWithPaths-Prefix.pch";
				PRODUCT_NAME = "$(TARGET_NAME)";
			};
			name = Release;
		};
/* End XCBuildConfiguration section */

/* Begin XCConfigurationList section */
		60278185156EE4FE00131B02 /* Build configuration list for PBXProject "WorkingWithPaths" */ = {
			isa = XCConfigurationList;
			buildConfigurations = (
				60278198156EE4FE00131B02 /* Debug */,
				60278199156EE4FE00131B02 /* Release */,
			);
			defaultConfigurationIsVisible = 0;
			defaultConfigurationName = Release;
		};
		6027819A156EE4FE00131B02 /* Build configuration list for PBXNativeTarget "WorkingWithPaths" */ = {
			isa = XCConfigurationList;
			buildConfigurations = (
				6027819B156EE4FE00131B02 /* Debug */,
				6027819C156EE4FE00131B02 /* Release */,
			);
			defaultConfigurationIsVisible = 0;
		};
/* End XCConfigurationList section */
	};
	rootObject = 60278182156EE4FE00131B02 /* Project object */;
}
