// !$*UTF8*$!
{
	archiveVersion = 1;
	classes = {
	};
	objectVersion = 46;
	objects = {

/* Begin PBXBuildFile section */
		600ABC79158947050093CAE6 /* UIKit.framework in Frameworks */ = {isa = PBXBuildFile; fileRef = 600ABC78158947050093CAE6 /* UIKit.framework */; };
		600ABC7B158947050093CAE6 /* Foundation.framework in Frameworks */ = {isa = PBXBuildFile; fileRef = 600ABC7A158947050093CAE6 /* Foundation.framework */; };
		600ABC7D158947050093CAE6 /* CoreGraphics.framework in Frameworks */ = {isa = PBXBuildFile; fileRef = 600ABC7C158947050093CAE6 /* CoreGraphics.framework */; };
		600ABC83158947050093CAE6 /* InfoPlist.strings in Resources */ = {isa = PBXBuildFile; fileRef = 600ABC81158947050093CAE6 /* InfoPlist.strings */; };
		600ABC85158947050093CAE6 /* main.m in Sources */ = {isa = PBXBuildFile; fileRef = 600ABC84158947050093CAE6 /* main.m */; };
		600ABC89158947050093CAE6 /* AppDelegate.m in Sources */ = {isa = PBXBuildFile; fileRef = 600ABC88158947050093CAE6 /* AppDelegate.m */; };
		600ABC8C158947050093CAE6 /* ViewController.m in Sources */ = {isa = PBXBuildFile; fileRef = 600ABC8B158947050093CAE6 /* ViewController.m */; };
		600ABC8F158947050093CAE6 /* ViewController.xib in Resources */ = {isa = PBXBuildFile; fileRef = 600ABC8D158947050093CAE6 /* ViewController.xib */; };
		600ABC971589472F0093CAE6 /* FlowerColorTableViewController.m in Sources */ = {isa = PBXBuildFile; fileRef = 600ABC961589472F0093CAE6 /* FlowerColorTableViewController.m */; };
/* End PBXBuildFile section */

/* Begin PBXFileReference section */
		600ABC74158947050093CAE6 /* FlowerColorTable.app */ = {isa = PBXFileReference; explicitFileType = wrapper.application; includeInIndex = 0; path = FlowerColorTable.app; sourceTree = BUILT_PRODUCTS_DIR; };
		600ABC78158947050093CAE6 /* UIKit.framework */ = {isa = PBXFileReference; lastKnownFileType = wrapper.framework; name = UIKit.framework; path = System/Library/Frameworks/UIKit.framework; sourceTree = SDKROOT; };
		600ABC7A158947050093CAE6 /* Foundation.framework */ = {isa = PBXFileReference; lastKnownFileType = wrapper.framework; name = Foundation.framework; path = System/Library/Frameworks/Foundation.framework; sourceTree = SDKROOT; };
		600ABC7C158947050093CAE6 /* CoreGraphics.framework */ = {isa = PBXFileReference; lastKnownFileType = wrapper.framework; name = CoreGraphics.framework; path = System/Library/Frameworks/CoreGraphics.framework; sourceTree = SDKROOT; };
		600ABC80158947050093CAE6 /* FlowerColorTable-Info.plist */ = {isa = PBXFileReference; lastKnownFileType = text.plist.xml; path = "FlowerColorTable-Info.plist"; sourceTree = "<group>"; };
		600ABC82158947050093CAE6 /* en */ = {isa = PBXFileReference; lastKnownFileType = text.plist.strings; name = en; path = en.lproj/InfoPlist.strings; sourceTree = "<group>"; };
		600ABC84158947050093CAE6 /* main.m */ = {isa = PBXFileReference; lastKnownFileType = sourcecode.c.objc; path = main.m; sourceTree = "<group>"; };
		600ABC86158947050093CAE6 /* FlowerColorTable-Prefix.pch */ = {isa = PBXFileReference; lastKnownFileType = sourcecode.c.h; path = "FlowerColorTable-Prefix.pch"; sourceTree = "<group>"; };
		600ABC87158947050093CAE6 /* AppDelegate.h */ = {isa = PBXFileReference; lastKnownFileType = sourcecode.c.h; path = AppDelegate.h; sourceTree = "<group>"; };
		600ABC88158947050093CAE6 /* AppDelegate.m */ = {isa = PBXFileReference; lastKnownFileType = sourcecode.c.objc; path = AppDelegate.m; sourceTree = "<group>"; };
		600ABC8A158947050093CAE6 /* ViewController.h */ = {isa = PBXFileReference; lastKnownFileType = sourcecode.c.h; path = ViewController.h; sourceTree = "<group>"; };
		600ABC8B158947050093CAE6 /* ViewController.m */ = {isa = PBXFileReference; lastKnownFileType = sourcecode.c.objc; path = ViewController.m; sourceTree = "<group>"; };
		600ABC8E158947050093CAE6 /* en */ = {isa = PBXFileReference; lastKnownFileType = file.xib; name = en; path = en.lproj/ViewController.xib; sourceTree = "<group>"; };
		600ABC951589472F0093CAE6 /* FlowerColorTableViewController.h */ = {isa = PBXFileReference; fileEncoding = 4; lastKnownFileType = sourcecode.c.h; path = FlowerColorTableViewController.h; sourceTree = SOURCE_ROOT; };
		600ABC961589472F0093CAE6 /* FlowerColorTableViewController.m */ = {isa = PBXFileReference; fileEncoding = 4; lastKnownFileType = sourcecode.c.objc; path = FlowerColorTableViewController.m; sourceTree = SOURCE_ROOT; };
/* End PBXFileReference section */

/* Begin PBXFrameworksBuildPhase section */
		600ABC71158947050093CAE6 /* Frameworks */ = {
			isa = PBXFrameworksBuildPhase;
			buildActionMask = 2147483647;
			files = (
				600ABC79158947050093CAE6 /* UIKit.framework in Frameworks */,
				600ABC7B158947050093CAE6 /* Foundation.framework in Frameworks */,
				600ABC7D158947050093CAE6 /* CoreGraphics.framework in Frameworks */,
			);
			runOnlyForDeploymentPostprocessing = 0;
		};
/* End PBXFrameworksBuildPhase section */

/* Begin PBXGroup section */
		600ABC69158947050093CAE6 = {
			isa = PBXGroup;
			children = (
				600ABC7E158947050093CAE6 /* FlowerColorTable */,
				600ABC77158947050093CAE6 /* Frameworks */,
				600ABC75158947050093CAE6 /* Products */,
			);
			sourceTree = "<group>";
		};
		600ABC75158947050093CAE6 /* Products */ = {
			isa = PBXGroup;
			children = (
				600ABC74158947050093CAE6 /* FlowerColorTable.app */,
			);
			name = Products;
			sourceTree = "<group>";
		};
		600ABC77158947050093CAE6 /* Frameworks */ = {
			isa = PBXGroup;
			children = (
				600ABC78158947050093CAE6 /* UIKit.framework */,
				600ABC7A158947050093CAE6 /* Foundation.framework */,
				600ABC7C158947050093CAE6 /* CoreGraphics.framework */,
			);
			name = Frameworks;
			sourceTree = "<group>";
		};
		600ABC7E158947050093CAE6 /* FlowerColorTable */ = {
			isa = PBXGroup;
			children = (
				600ABC87158947050093CAE6 /* AppDelegate.h */,
				600ABC88158947050093CAE6 /* AppDelegate.m */,
				600ABC8A158947050093CAE6 /* ViewController.h */,
				600ABC8B158947050093CAE6 /* ViewController.m */,
				600ABC951589472F0093CAE6 /* FlowerColorTableViewController.h */,
				600ABC961589472F0093CAE6 /* FlowerColorTableViewController.m */,
				600ABC8D158947050093CAE6 /* ViewController.xib */,
				600ABC7F158947050093CAE6 /* Supporting Files */,
			);
			path = FlowerColorTable;
			sourceTree = "<group>";
		};
		600ABC7F158947050093CAE6 /* Supporting Files */ = {
			isa = PBXGroup;
			children = (
				600ABC80158947050093CAE6 /* FlowerColorTable-Info.plist */,
				600ABC81158947050093CAE6 /* InfoPlist.strings */,
				600ABC84158947050093CAE6 /* main.m */,
				600ABC86158947050093CAE6 /* FlowerColorTable-Prefix.pch */,
			);
			name = "Supporting Files";
			sourceTree = "<group>";
		};
/* End PBXGroup section */

/* Begin PBXNativeTarget section */
		600ABC73158947050093CAE6 /* FlowerColorTable */ = {
			isa = PBXNativeTarget;
			buildConfigurationList = 600ABC92158947050093CAE6 /* Build configuration list for PBXNativeTarget "FlowerColorTable" */;
			buildPhases = (
				600ABC70158947050093CAE6 /* Sources */,
				600ABC71158947050093CAE6 /* Frameworks */,
				600ABC72158947050093CAE6 /* Resources */,
			);
			buildRules = (
			);
			dependencies = (
			);
			name = FlowerColorTable;
			productName = FlowerColorTable;
			productReference = 600ABC74158947050093CAE6 /* FlowerColorTable.app */;
			productType = "com.apple.product-type.application";
		};
/* End PBXNativeTarget section */

/* Begin PBXProject section */
		600ABC6B158947050093CAE6 /* Project object */ = {
			isa = PBXProject;
			attributes = {
				LastUpgradeCheck = 0430;
			};
			buildConfigurationList = 600ABC6E158947050093CAE6 /* Build configuration list for PBXProject "FlowerColorTable" */;
			compatibilityVersion = "Xcode 3.2";
			developmentRegion = English;
			hasScannedForEncodings = 0;
			knownRegions = (
				en,
			);
			mainGroup = 600ABC69158947050093CAE6;
			productRefGroup = 600ABC75158947050093CAE6 /* Products */;
			projectDirPath = "";
			projectRoot = "";
			targets = (
				600ABC73158947050093CAE6 /* FlowerColorTable */,
			);
		};
/* End PBXProject section */

/* Begin PBXResourcesBuildPhase section */
		600ABC72158947050093CAE6 /* Resources */ = {
			isa = PBXResourcesBuildPhase;
			buildActionMask = 2147483647;
			files = (
				600ABC83158947050093CAE6 /* InfoPlist.strings in Resources */,
				600ABC8F158947050093CAE6 /* ViewController.xib in Resources */,
			);
			runOnlyForDeploymentPostprocessing = 0;
		};
/* End PBXResourcesBuildPhase section */

/* Begin PBXSourcesBuildPhase section */
		600ABC70158947050093CAE6 /* Sources */ = {
			isa = PBXSourcesBuildPhase;
			buildActionMask = 2147483647;
			files = (
				600ABC85158947050093CAE6 /* main.m in Sources */,
				600ABC89158947050093CAE6 /* AppDelegate.m in Sources */,
				600ABC8C158947050093CAE6 /* ViewController.m in Sources */,
				600ABC971589472F0093CAE6 /* FlowerColorTableViewController.m in Sources */,
			);
			runOnlyForDeploymentPostprocessing = 0;
		};
/* End PBXSourcesBuildPhase section */

/* Begin PBXVariantGroup section */
		600ABC81158947050093CAE6 /* InfoPlist.strings */ = {
			isa = PBXVariantGroup;
			children = (
				600ABC82158947050093CAE6 /* en */,
			);
			name = InfoPlist.strings;
			sourceTree = "<group>";
		};
		600ABC8D158947050093CAE6 /* ViewController.xib */ = {
			isa = PBXVariantGroup;
			children = (
				600ABC8E158947050093CAE6 /* en */,
			);
			name = ViewController.xib;
			sourceTree = "<group>";
		};
/* End PBXVariantGroup section */

/* Begin XCBuildConfiguration section */
		600ABC90158947050093CAE6 /* Debug */ = {
			isa = XCBuildConfiguration;
			buildSettings = {
				ALWAYS_SEARCH_USER_PATHS = NO;
				ARCHS = "$(ARCHS_STANDARD_32_BIT)";
				"CODE_SIGN_IDENTITY[sdk=iphoneos*]" = "iPhone Developer";
				COPY_PHASE_STRIP = NO;
				GCC_C_LANGUAGE_STANDARD = gnu99;
				GCC_DYNAMIC_NO_PIC = NO;
				GCC_OPTIMIZATION_LEVEL = 0;
				GCC_PREPROCESSOR_DEFINITIONS = (
					"DEBUG=1",
					"$(inherited)",
				);
				GCC_SYMBOLS_PRIVATE_EXTERN = NO;
				GCC_VERSION = com.apple.compilers.llvm.clang.1_0;
				GCC_WARN_ABOUT_RETURN_TYPE = YES;
				GCC_WARN_UNINITIALIZED_AUTOS = YES;
				GCC_WARN_UNUSED_VARIABLE = YES;
				IPHONEOS_DEPLOYMENT_TARGET = 5.1;
				SDKROOT = iphoneos;
			};
			name = Debug;
		};
		600ABC91158947050093CAE6 /* Release */ = {
			isa = XCBuildConfiguration;
			buildSettings = {
				ALWAYS_SEARCH_USER_PATHS = NO;
				ARCHS = "$(ARCHS_STANDARD_32_BIT)";
				"CODE_SIGN_IDENTITY[sdk=iphoneos*]" = "iPhone Developer";
				COPY_PHASE_STRIP = YES;
				GCC_C_LANGUAGE_STANDARD = gnu99;
				GCC_VERSION = com.apple.compilers.llvm.clang.1_0;
				GCC_WARN_ABOUT_RETURN_TYPE = YES;
				GCC_WARN_UNINITIALIZED_AUTOS = YES;
				GCC_WARN_UNUSED_VARIABLE = YES;
				IPHONEOS_DEPLOYMENT_TARGET = 5.1;
				OTHER_CFLAGS = "-DNS_BLOCK_ASSERTIONS=1";
				SDKROOT = iphoneos;
				VALIDATE_PRODUCT = YES;
			};
			name = Release;
		};
		600ABC93158947050093CAE6 /* Debug */ = {
			isa = XCBuildConfiguration;
			buildSettings = {
				GCC_PRECOMPILE_PREFIX_HEADER = YES;
				GCC_PREFIX_HEADER = "FlowerColorTable/FlowerColorTable-Prefix.pch";
				INFOPLIST_FILE = "FlowerColorTable/FlowerColorTable-Info.plist";
				PRODUCT_NAME = "$(TARGET_NAME)";
				WRAPPER_EXTENSION = app;
			};
			name = Debug;
		};
		600ABC94158947050093CAE6 /* Release */ = {
			isa = XCBuildConfiguration;
			buildSettings = {
				GCC_PRECOMPILE_PREFIX_HEADER = YES;
				GCC_PREFIX_HEADER = "FlowerColorTable/FlowerColorTable-Prefix.pch";
				INFOPLIST_FILE = "FlowerColorTable/FlowerColorTable-Info.plist";
				PRODUCT_NAME = "$(TARGET_NAME)";
				WRAPPER_EXTENSION = app;
			};
			name = Release;
		};
/* End XCBuildConfiguration section */

/* Begin XCConfigurationList section */
		600ABC6E158947050093CAE6 /* Build configuration list for PBXProject "FlowerColorTable" */ = {
			isa = XCConfigurationList;
			buildConfigurations = (
				600ABC90158947050093CAE6 /* Debug */,
				600ABC91158947050093CAE6 /* Release */,
			);
			defaultConfigurationIsVisible = 0;
			defaultConfigurationName = Release;
		};
		600ABC92158947050093CAE6 /* Build configuration list for PBXNativeTarget "FlowerColorTable" */ = {
			isa = XCConfigurationList;
			buildConfigurations = (
				600ABC93158947050093CAE6 /* Debug */,
				600ABC94158947050093CAE6 /* Release */,
			);
			defaultConfigurationIsVisible = 0;
		};
/* End XCConfigurationList section */
	};
	rootObject = 600ABC6B158947050093CAE6 /* Project object */;
}
